// !$*UTF8*$!
{
	archiveVersion = 1;
	classes = {
	};
	objectVersion = 46;
	objects = {

/* Begin PBXBuildFile section */
		18DC1BE119711F2D008EEC5C /* NSAlert+MKNetworkKitAdditions.m in Sources */ = {isa = PBXBuildFile; fileRef = 18DC1BCA19711F2D008EEC5C /* NSAlert+MKNetworkKitAdditions.m */; };
		18DC1BE219711F2D008EEC5C /* NSData+MKBase64.m in Sources */ = {isa = PBXBuildFile; fileRef = 18DC1BCC19711F2D008EEC5C /* NSData+MKBase64.m */; };
		18DC1BE319711F2D008EEC5C /* NSDate+RFC1123.m in Sources */ = {isa = PBXBuildFile; fileRef = 18DC1BCE19711F2D008EEC5C /* NSDate+RFC1123.m */; };
		18DC1BE419711F2D008EEC5C /* NSDictionary+RequestEncoding.m in Sources */ = {isa = PBXBuildFile; fileRef = 18DC1BD019711F2D008EEC5C /* NSDictionary+RequestEncoding.m */; };
		18DC1BE519711F2D008EEC5C /* NSString+MKNetworkKitAdditions.m in Sources */ = {isa = PBXBuildFile; fileRef = 18DC1BD219711F2D008EEC5C /* NSString+MKNetworkKitAdditions.m */; };
		18DC1BE619711F2D008EEC5C /* UIAlertView+MKNetworkKitAdditions.m in Sources */ = {isa = PBXBuildFile; fileRef = 18DC1BD419711F2D008EEC5C /* UIAlertView+MKNetworkKitAdditions.m */; };
		18DC1BE719711F2D008EEC5C /* UIImage+EllipseImage.m in Sources */ = {isa = PBXBuildFile; fileRef = 18DC1BD619711F2D008EEC5C /* UIImage+EllipseImage.m */; };
		18DC1BE819711F2D008EEC5C /* UIImageView+MKNetworkKitAdditions.m in Sources */ = {isa = PBXBuildFile; fileRef = 18DC1BD819711F2D008EEC5C /* UIImageView+MKNetworkKitAdditions.m */; };
		18DC1BE919711F2D008EEC5C /* MKNetworkEngine.m in Sources */ = {isa = PBXBuildFile; fileRef = 18DC1BDA19711F2D008EEC5C /* MKNetworkEngine.m */; };
		18DC1BEA19711F2D008EEC5C /* MKNetworkOperation.m in Sources */ = {isa = PBXBuildFile; fileRef = 18DC1BDD19711F2D008EEC5C /* MKNetworkOperation.m */; };
		18DC1BEB19711F2D008EEC5C /* Reachability.m in Sources */ = {isa = PBXBuildFile; fileRef = 18DC1BE019711F2D008EEC5C /* Reachability.m */; };
		18DC1BF51971209A008EEC5C /* iLIBBookCircleItem.m in Sources */ = {isa = PBXBuildFile; fileRef = 18DC1BEE1971209A008EEC5C /* iLIBBookCircleItem.m */; };
		18DC1BF61971209A008EEC5C /* iLIBBookItem.m in Sources */ = {isa = PBXBuildFile; fileRef = 18DC1BF01971209A008EEC5C /* iLIBBookItem.m */; };
		18DC1BF71971209A008EEC5C /* iLIBComment.m in Sources */ = {isa = PBXBuildFile; fileRef = 18DC1BF21971209A008EEC5C /* iLIBComment.m */; };
		18DC1BF81971209A008EEC5C /* iLIBFloatBookItem.m in Sources */ = {isa = PBXBuildFile; fileRef = 18DC1BF41971209A008EEC5C /* iLIBFloatBookItem.m */; };
		18DC1BFB19712297008EEC5C /* iLIBEngine.m in Sources */ = {isa = PBXBuildFile; fileRef = 18DC1BFA19712297008EEC5C /* iLIBEngine.m */; };
		2C1B312F196BC4F40076E2DF /* Foundation.framework in Frameworks */ = {isa = PBXBuildFile; fileRef = 2C1B312E196BC4F40076E2DF /* Foundation.framework */; };
		2C1B3131196BC4F40076E2DF /* CoreGraphics.framework in Frameworks */ = {isa = PBXBuildFile; fileRef = 2C1B3130196BC4F40076E2DF /* CoreGraphics.framework */; };
		2C1B3133196BC4F40076E2DF /* UIKit.framework in Frameworks */ = {isa = PBXBuildFile; fileRef = 2C1B3132196BC4F40076E2DF /* UIKit.framework */; };
		2C1B3139196BC4F40076E2DF /* InfoPlist.strings in Resources */ = {isa = PBXBuildFile; fileRef = 2C1B3137196BC4F40076E2DF /* InfoPlist.strings */; };
		2C1B313B196BC4F40076E2DF /* main.m in Sources */ = {isa = PBXBuildFile; fileRef = 2C1B313A196BC4F40076E2DF /* main.m */; };
		2C1B313F196BC4F40076E2DF /* SLAppDelegate.m in Sources */ = {isa = PBXBuildFile; fileRef = 2C1B313E196BC4F40076E2DF /* SLAppDelegate.m */; };
		2C1B3141196BC4F40076E2DF /* Images.xcassets in Resources */ = {isa = PBXBuildFile; fileRef = 2C1B3140196BC4F40076E2DF /* Images.xcassets */; };
		2C1B3148196BC4F40076E2DF /* XCTest.framework in Frameworks */ = {isa = PBXBuildFile; fileRef = 2C1B3147196BC4F40076E2DF /* XCTest.framework */; };
		2C1B3149196BC4F40076E2DF /* Foundation.framework in Frameworks */ = {isa = PBXBuildFile; fileRef = 2C1B312E196BC4F40076E2DF /* Foundation.framework */; };
		2C1B314A196BC4F40076E2DF /* UIKit.framework in Frameworks */ = {isa = PBXBuildFile; fileRef = 2C1B3132196BC4F40076E2DF /* UIKit.framework */; };
		2C1B3152196BC4F40076E2DF /* InfoPlist.strings in Resources */ = {isa = PBXBuildFile; fileRef = 2C1B3150196BC4F40076E2DF /* InfoPlist.strings */; };
		2C1B3154196BC4F40076E2DF /* iLibrariansTests.m in Sources */ = {isa = PBXBuildFile; fileRef = 2C1B3153196BC4F40076E2DF /* iLibrariansTests.m */; };
		2CB91CC0196C036F00BD961C /* SLLogInViewController.m in Sources */ = {isa = PBXBuildFile; fileRef = 2CB91CBF196C036F00BD961C /* SLLogInViewController.m */; };
		2CB91CC6196C04C600BD961C /* SLPersistencyAPI.m in Sources */ = {isa = PBXBuildFile; fileRef = 2CB91CC5196C04C600BD961C /* SLPersistencyAPI.m */; };
		2CD4F034197104F10077A967 /* SLMyLibraryViewController.m in Sources */ = {isa = PBXBuildFile; fileRef = 2CD4F033197104F10077A967 /* SLMyLibraryViewController.m */; };
		2CD4F0371971050B0077A967 /* SLBooksExchangeViewController.m in Sources */ = {isa = PBXBuildFile; fileRef = 2CD4F0361971050B0077A967 /* SLBooksExchangeViewController.m */; };
		2CD4F03A197105400077A967 /* SLMyInfoViewController.m in Sources */ = {isa = PBXBuildFile; fileRef = 2CD4F039197105400077A967 /* SLMyInfoViewController.m */; };
		2CD4F03D1971054D0077A967 /* SLMainViewController.m in Sources */ = {isa = PBXBuildFile; fileRef = 2CD4F03C1971054D0077A967 /* SLMainViewController.m */; };
		2CD4F04319710E230077A967 /* SLSearchBookViewController.m in Sources */ = {isa = PBXBuildFile; fileRef = 2CD4F04219710E230077A967 /* SLSearchBookViewController.m */; };
		2CEF08871971802A002DDEDC /* SLPublishViewController.m in Sources */ = {isa = PBXBuildFile; fileRef = 2CEF08861971802A002DDEDC /* SLPublishViewController.m */; };
		8B17BC0B19712EC600F8B6A9 /* SLLogInViewController.xib in Resources */ = {isa = PBXBuildFile; fileRef = 8B17BC0A19712EC600F8B6A9 /* SLLogInViewController.xib */; };
		8B17BC0E1971370F00F8B6A9 /* MBProgressHUD.m in Sources */ = {isa = PBXBuildFile; fileRef = 8B17BC0D1971370F00F8B6A9 /* MBProgressHUD.m */; };
		8B17BC411971396400F8B6A9 /* icon_114@2x.png in Resources */ = {isa = PBXBuildFile; fileRef = 8B17BC111971396400F8B6A9 /* icon_114@2x.png */; };
		8B17BC421971396400F8B6A9 /* icon_57.png in Resources */ = {isa = PBXBuildFile; fileRef = 8B17BC121971396400F8B6A9 /* icon_57.png */; };
		8B17BC431971396400F8B6A9 /* add.png in Resources */ = {isa = PBXBuildFile; fileRef = 8B17BC141971396400F8B6A9 /* add.png */; };
		8B17BC441971396400F8B6A9 /* coverbackground.png in Resources */ = {isa = PBXBuildFile; fileRef = 8B17BC151971396400F8B6A9 /* coverbackground.png */; };
		8B17BC451971396400F8B6A9 /* refresh.png in Resources */ = {isa = PBXBuildFile; fileRef = 8B17BC161971396400F8B6A9 /* refresh.png */; };
		8B17BC461971396400F8B6A9 /* renew_button.png in Resources */ = {isa = PBXBuildFile; fileRef = 8B17BC171971396400F8B6A9 /* renew_button.png */; };
		8B17BC471971396400F8B6A9 /* return.png in Resources */ = {isa = PBXBuildFile; fileRef = 8B17BC181971396400F8B6A9 /* return.png */; };
		8B17BC481971396400F8B6A9 /* tabbar_bookcircle.png in Resources */ = {isa = PBXBuildFile; fileRef = 8B17BC191971396400F8B6A9 /* tabbar_bookcircle.png */; };
		8B17BC491971396400F8B6A9 /* tabbar_bookcircle@2x.png in Resources */ = {isa = PBXBuildFile; fileRef = 8B17BC1A1971396400F8B6A9 /* tabbar_bookcircle@2x.png */; };
		8B17BC4A1971396400F8B6A9 /* tabbar_bookfloat.png in Resources */ = {isa = PBXBuildFile; fileRef = 8B17BC1B1971396400F8B6A9 /* tabbar_bookfloat.png */; };
		8B17BC4B1971396400F8B6A9 /* tabbar_bookfloat@2x.png in Resources */ = {isa = PBXBuildFile; fileRef = 8B17BC1C1971396400F8B6A9 /* tabbar_bookfloat@2x.png */; };
		8B17BC4C1971396400F8B6A9 /* tabbar_icon_1.1.png in Resources */ = {isa = PBXBuildFile; fileRef = 8B17BC1D1971396400F8B6A9 /* tabbar_icon_1.1.png */; };
		8B17BC4D1971396400F8B6A9 /* tabbar_mylib.png in Resources */ = {isa = PBXBuildFile; fileRef = 8B17BC1E1971396400F8B6A9 /* tabbar_mylib.png */; };
		8B17BC4E1971396400F8B6A9 /* tabbar_mylib@2x.png in Resources */ = {isa = PBXBuildFile; fileRef = 8B17BC1F1971396400F8B6A9 /* tabbar_mylib@2x.png */; };
		8B17BC4F1971396400F8B6A9 /* tabbar_personcenter.png in Resources */ = {isa = PBXBuildFile; fileRef = 8B17BC201971396400F8B6A9 /* tabbar_personcenter.png */; };
		8B17BC501971396400F8B6A9 /* tabbar_personcenter@2x.png in Resources */ = {isa = PBXBuildFile; fileRef = 8B17BC211971396400F8B6A9 /* tabbar_personcenter@2x.png */; };
		8B17BC511971396400F8B6A9 /* tabbar_search.png in Resources */ = {isa = PBXBuildFile; fileRef = 8B17BC221971396400F8B6A9 /* tabbar_search.png */; };
		8B17BC521971396400F8B6A9 /* tabbar_search@2x.png in Resources */ = {isa = PBXBuildFile; fileRef = 8B17BC231971396400F8B6A9 /* tabbar_search@2x.png */; };
		8B17BC531971396400F8B6A9 /* userImage.png in Resources */ = {isa = PBXBuildFile; fileRef = 8B17BC241971396400F8B6A9 /* userImage.png */; };
		8B17BC541971396400F8B6A9 /* logoutbutton.png in Resources */ = {isa = PBXBuildFile; fileRef = 8B17BC261971396400F8B6A9 /* logoutbutton.png */; };
		8B17BC551971396400F8B6A9 /* logoutbutton@2x.png in Resources */ = {isa = PBXBuildFile; fileRef = 8B17BC271971396400F8B6A9 /* logoutbutton@2x.png */; };
		8B17BC561971396400F8B6A9 /* more_selected.png in Resources */ = {isa = PBXBuildFile; fileRef = 8B17BC281971396400F8B6A9 /* more_selected.png */; };
		8B17BC571971396400F8B6A9 /* more_selected@2x.png in Resources */ = {isa = PBXBuildFile; fileRef = 8B17BC291971396400F8B6A9 /* more_selected@2x.png */; };
		8B17BC581971396400F8B6A9 /* more_unselected.png in Resources */ = {isa = PBXBuildFile; fileRef = 8B17BC2A1971396400F8B6A9 /* more_unselected.png */; };
		8B17BC591971396400F8B6A9 /* more_unselected@2x.png in Resources */ = {isa = PBXBuildFile; fileRef = 8B17BC2B1971396400F8B6A9 /* more_unselected@2x.png */; };
		8B17BC5A1971396400F8B6A9 /* mylib_selected.png in Resources */ = {isa = PBXBuildFile; fileRef = 8B17BC2C1971396400F8B6A9 /* mylib_selected.png */; };
		8B17BC5B1971396400F8B6A9 /* mylib_selected@2x.png in Resources */ = {isa = PBXBuildFile; fileRef = 8B17BC2D1971396400F8B6A9 /* mylib_selected@2x.png */; };
		8B17BC5C1971396400F8B6A9 /* mylib_unselected.png in Resources */ = {isa = PBXBuildFile; fileRef = 8B17BC2E1971396400F8B6A9 /* mylib_unselected.png */; };
		8B17BC5D1971396400F8B6A9 /* mylib_unselected@2x.png in Resources */ = {isa = PBXBuildFile; fileRef = 8B17BC2F1971396400F8B6A9 /* mylib_unselected@2x.png */; };
		8B17BC5E1971396400F8B6A9 /* search_selected.png in Resources */ = {isa = PBXBuildFile; fileRef = 8B17BC301971396400F8B6A9 /* search_selected.png */; };
		8B17BC5F1971396400F8B6A9 /* search_selected@2x.png in Resources */ = {isa = PBXBuildFile; fileRef = 8B17BC311971396400F8B6A9 /* search_selected@2x.png */; };
		8B17BC601971396400F8B6A9 /* search_unselected.png in Resources */ = {isa = PBXBuildFile; fileRef = 8B17BC321971396400F8B6A9 /* search_unselected.png */; };
		8B17BC611971396400F8B6A9 /* search_unselected@2x.png in Resources */ = {isa = PBXBuildFile; fileRef = 8B17BC331971396400F8B6A9 /* search_unselected@2x.png */; };
		8B17BC621971396400F8B6A9 /* tab-bookCircle.png in Resources */ = {isa = PBXBuildFile; fileRef = 8B17BC341971396400F8B6A9 /* tab-bookCircle.png */; };
		8B17BC631971396400F8B6A9 /* tab-comment-off.png in Resources */ = {isa = PBXBuildFile; fileRef = 8B17BC351971396400F8B6A9 /* tab-comment-off.png */; };
		8B17BC641971396400F8B6A9 /* tab-comment-off@2x.png in Resources */ = {isa = PBXBuildFile; fileRef = 8B17BC361971396400F8B6A9 /* tab-comment-off@2x.png */; };
		8B17BC651971396400F8B6A9 /* tab-mylib-off.png in Resources */ = {isa = PBXBuildFile; fileRef = 8B17BC371971396400F8B6A9 /* tab-mylib-off.png */; };
		8B17BC661971396400F8B6A9 /* tab-mylib-off@2x.png in Resources */ = {isa = PBXBuildFile; fileRef = 8B17BC381971396400F8B6A9 /* tab-mylib-off@2x.png */; };
		8B17BC671971396400F8B6A9 /* tab-search-off.png in Resources */ = {isa = PBXBuildFile; fileRef = 8B17BC391971396400F8B6A9 /* tab-search-off.png */; };
		8B17BC681971396400F8B6A9 /* tab-search-off@2x.png in Resources */ = {isa = PBXBuildFile; fileRef = 8B17BC3A1971396400F8B6A9 /* tab-search-off@2x.png */; };
		8B17BC691971396400F8B6A9 /* tab-setting-off.png in Resources */ = {isa = PBXBuildFile; fileRef = 8B17BC3B1971396400F8B6A9 /* tab-setting-off.png */; };
		8B17BC6A1971396400F8B6A9 /* tab-setting-off@2x.png in Resources */ = {isa = PBXBuildFile; fileRef = 8B17BC3C1971396400F8B6A9 /* tab-setting-off@2x.png */; };
		8B17BC6B1971396400F8B6A9 /* tabbar-active.png in Resources */ = {isa = PBXBuildFile; fileRef = 8B17BC3D1971396400F8B6A9 /* tabbar-active.png */; };
		8B17BC6C1971396400F8B6A9 /* tabbar-active@2x.png in Resources */ = {isa = PBXBuildFile; fileRef = 8B17BC3E1971396400F8B6A9 /* tabbar-active@2x.png */; };
		8B17BC6D1971396400F8B6A9 /* tabbar.png in Resources */ = {isa = PBXBuildFile; fileRef = 8B17BC3F1971396400F8B6A9 /* tabbar.png */; };
		8B17BC6E1971396400F8B6A9 /* tabbar@2x.png in Resources */ = {isa = PBXBuildFile; fileRef = 8B17BC401971396400F8B6A9 /* tabbar@2x.png */; };
		8B17BC9019713B2C00F8B6A9 /* about_bg.png in Resources */ = {isa = PBXBuildFile; fileRef = 8B17BC7019713B2C00F8B6A9 /* about_bg.png */; };
		8B17BC9119713B2C00F8B6A9 /* about_bg@2x.png in Resources */ = {isa = PBXBuildFile; fileRef = 8B17BC7119713B2C00F8B6A9 /* about_bg@2x.png */; };
		8B17BC9219713B2C00F8B6A9 /* add.png in Resources */ = {isa = PBXBuildFile; fileRef = 8B17BC7219713B2C00F8B6A9 /* add.png */; };
		8B17BC9319713B2C00F8B6A9 /* background.png in Resources */ = {isa = PBXBuildFile; fileRef = 8B17BC7319713B2C00F8B6A9 /* background.png */; };
		8B17BC9419713B2C00F8B6A9 /* background_iphone4s.png in Resources */ = {isa = PBXBuildFile; fileRef = 8B17BC7419713B2C00F8B6A9 /* background_iphone4s.png */; };
		8B17BC9519713B2C00F8B6A9 /* book_item_bg.png in Resources */ = {isa = PBXBuildFile; fileRef = 8B17BC7519713B2C00F8B6A9 /* book_item_bg.png */; };
		8B17BC9619713B2C00F8B6A9 /* bookimage.png in Resources */ = {isa = PBXBuildFile; fileRef = 8B17BC7619713B2C00F8B6A9 /* bookimage.png */; };
		8B17BC9719713B2C00F8B6A9 /* converbackground.png in Resources */ = {isa = PBXBuildFile; fileRef = 8B17BC7719713B2C00F8B6A9 /* converbackground.png */; };
		8B17BC9819713B2C00F8B6A9 /* dot.png in Resources */ = {isa = PBXBuildFile; fileRef = 8B17BC7819713B2C00F8B6A9 /* dot.png */; };
		8B17BC9919713B2C00F8B6A9 /* dot_b.png in Resources */ = {isa = PBXBuildFile; fileRef = 8B17BC7919713B2C00F8B6A9 /* dot_b.png */; };
		8B17BC9A19713B2C00F8B6A9 /* dot_o.png in Resources */ = {isa = PBXBuildFile; fileRef = 8B17BC7A19713B2C00F8B6A9 /* dot_o.png */; };
		8B17BC9B19713B2C00F8B6A9 /* dot_p.png in Resources */ = {isa = PBXBuildFile; fileRef = 8B17BC7B19713B2C00F8B6A9 /* dot_p.png */; };
		8B17BC9C19713B2C00F8B6A9 /* icon_57.png in Resources */ = {isa = PBXBuildFile; fileRef = 8B17BC7C19713B2C00F8B6A9 /* icon_57.png */; };
		8B17BC9D19713B2C00F8B6A9 /* item_bg_1.png in Resources */ = {isa = PBXBuildFile; fileRef = 8B17BC7D19713B2C00F8B6A9 /* item_bg_1.png */; };
		8B17BC9E19713B2C00F8B6A9 /* item_bg_2.png in Resources */ = {isa = PBXBuildFile; fileRef = 8B17BC7E19713B2C00F8B6A9 /* item_bg_2.png */; };
		8B17BC9F19713B2C00F8B6A9 /* item_bg_3.png in Resources */ = {isa = PBXBuildFile; fileRef = 8B17BC7F19713B2C00F8B6A9 /* item_bg_3.png */; };
		8B17BCA019713B2C00F8B6A9 /* line.png in Resources */ = {isa = PBXBuildFile; fileRef = 8B17BC8019713B2C00F8B6A9 /* line.png */; };
		8B17BCA119713B2C00F8B6A9 /* navigation_bar.png in Resources */ = {isa = PBXBuildFile; fileRef = 8B17BC8119713B2C00F8B6A9 /* navigation_bar.png */; };
		8B17BCA219713B2C00F8B6A9 /* order_button.png in Resources */ = {isa = PBXBuildFile; fileRef = 8B17BC8219713B2C00F8B6A9 /* order_button.png */; };
		8B17BCA319713B2C00F8B6A9 /* refresh.png in Resources */ = {isa = PBXBuildFile; fileRef = 8B17BC8319713B2C00F8B6A9 /* refresh.png */; };
		8B17BCA419713B2C00F8B6A9 /* return.png in Resources */ = {isa = PBXBuildFile; fileRef = 8B17BC8419713B2C00F8B6A9 /* return.png */; };
		8B17BCA519713B2C00F8B6A9 /* search_bar.png in Resources */ = {isa = PBXBuildFile; fileRef = 8B17BC8519713B2C00F8B6A9 /* search_bar.png */; };
		8B17BCA619713B2C00F8B6A9 /* search_input.png in Resources */ = {isa = PBXBuildFile; fileRef = 8B17BC8619713B2C00F8B6A9 /* search_input.png */; };
		8B17BCA719713B2C00F8B6A9 /* setting_bg.png in Resources */ = {isa = PBXBuildFile; fileRef = 8B17BC8719713B2C00F8B6A9 /* setting_bg.png */; };
		8B17BCA819713B2C00F8B6A9 /* setting_bg_@2x.png in Resources */ = {isa = PBXBuildFile; fileRef = 8B17BC8819713B2C00F8B6A9 /* setting_bg_@2x.png */; };
		8B17BCA919713B2C00F8B6A9 /* status_bar_iphone5、4s.png in Resources */ = {isa = PBXBuildFile; fileRef = 8B17BC8919713B2C00F8B6A9 /* status_bar_iphone5、4s.png */; };
		8B17BCAA19713B2C00F8B6A9 /* tabbar2.png in Resources */ = {isa = PBXBuildFile; fileRef = 8B17BC8A19713B2C00F8B6A9 /* tabbar2.png */; };
		8B17BCAB19713B2C00F8B6A9 /* tabbar_icon_1.png in Resources */ = {isa = PBXBuildFile; fileRef = 8B17BC8B19713B2C00F8B6A9 /* tabbar_icon_1.png */; };
		8B17BCAC19713B2C00F8B6A9 /* tabbar_icon_2.png in Resources */ = {isa = PBXBuildFile; fileRef = 8B17BC8C19713B2C00F8B6A9 /* tabbar_icon_2.png */; };
		8B17BCAD19713B2C00F8B6A9 /* tabbar_icon_3.png in Resources */ = {isa = PBXBuildFile; fileRef = 8B17BC8D19713B2C00F8B6A9 /* tabbar_icon_3.png */; };
		8B17BCAE19713B2C00F8B6A9 /* tabbar_icon_4.png in Resources */ = {isa = PBXBuildFile; fileRef = 8B17BC8E19713B2C00F8B6A9 /* tabbar_icon_4.png */; };
		8B17BCAF19713B2C00F8B6A9 /* text_input.png in Resources */ = {isa = PBXBuildFile; fileRef = 8B17BC8F19713B2C00F8B6A9 /* text_input.png */; };
		A9C5E580197574880096EBBF /* SLSearchResultViewController.m in Sources */ = {isa = PBXBuildFile; fileRef = A9C5E57F197574880096EBBF /* SLSearchResultViewController.m */; };
		A9C5E583197575600096EBBF /* SLBookDetailViewController.m in Sources */ = {isa = PBXBuildFile; fileRef = A9C5E582197575600096EBBF /* SLBookDetailViewController.m */; };
		F6A4560819765BEF00EEF2C6 /* SLBookExchangeView.m in Sources */ = {isa = PBXBuildFile; fileRef = F6A4560719765BEF00EEF2C6 /* SLBookExchangeView.m */; };
		F6A456191976678100EEF2C6 /* ArrayDataSource.m in Sources */ = {isa = PBXBuildFile; fileRef = F6A456181976678100EEF2C6 /* ArrayDataSource.m */; };
		F6A456221977602D00EEF2C6 /* SLBookExchangeCell.m in Sources */ = {isa = PBXBuildFile; fileRef = F6A456211977602D00EEF2C6 /* SLBookExchangeCell.m */; };
		F6A456471977A20700EEF2C6 /* MJRefresh.bundle in Resources */ = {isa = PBXBuildFile; fileRef = F6A4563F1977A20700EEF2C6 /* MJRefresh.bundle */; };
		F6A456481977A20700EEF2C6 /* MJRefreshBaseView.m in Sources */ = {isa = PBXBuildFile; fileRef = F6A456421977A20700EEF2C6 /* MJRefreshBaseView.m */; };
		F6A456491977A20700EEF2C6 /* MJRefreshFooterView.m in Sources */ = {isa = PBXBuildFile; fileRef = F6A456441977A20700EEF2C6 /* MJRefreshFooterView.m */; };
		F6A4564A1977A20700EEF2C6 /* MJRefreshHeaderView.m in Sources */ = {isa = PBXBuildFile; fileRef = F6A456461977A20700EEF2C6 /* MJRefreshHeaderView.m */; };
/* End PBXBuildFile section */

/* Begin PBXContainerItemProxy section */
		2C1B314B196BC4F40076E2DF /* PBXContainerItemProxy */ = {
			isa = PBXContainerItemProxy;
			containerPortal = 2C1B3123196BC4F40076E2DF /* Project object */;
			proxyType = 1;
			remoteGlobalIDString = 2C1B312A196BC4F40076E2DF;
			remoteInfo = iLibrarians;
		};
/* End PBXContainerItemProxy section */

/* Begin PBXFileReference section */
		18DC1BC919711F2D008EEC5C /* NSAlert+MKNetworkKitAdditions.h */ = {isa = PBXFileReference; fileEncoding = 4; lastKnownFileType = sourcecode.c.h; path = "NSAlert+MKNetworkKitAdditions.h"; sourceTree = "<group>"; };
		18DC1BCA19711F2D008EEC5C /* NSAlert+MKNetworkKitAdditions.m */ = {isa = PBXFileReference; fileEncoding = 4; lastKnownFileType = sourcecode.c.objc; path = "NSAlert+MKNetworkKitAdditions.m"; sourceTree = "<group>"; };
		18DC1BCB19711F2D008EEC5C /* NSData+MKBase64.h */ = {isa = PBXFileReference; fileEncoding = 4; lastKnownFileType = sourcecode.c.h; path = "NSData+MKBase64.h"; sourceTree = "<group>"; };
		18DC1BCC19711F2D008EEC5C /* NSData+MKBase64.m */ = {isa = PBXFileReference; fileEncoding = 4; lastKnownFileType = sourcecode.c.objc; path = "NSData+MKBase64.m"; sourceTree = "<group>"; };
		18DC1BCD19711F2D008EEC5C /* NSDate+RFC1123.h */ = {isa = PBXFileReference; fileEncoding = 4; lastKnownFileType = sourcecode.c.h; path = "NSDate+RFC1123.h"; sourceTree = "<group>"; };
		18DC1BCE19711F2D008EEC5C /* NSDate+RFC1123.m */ = {isa = PBXFileReference; fileEncoding = 4; lastKnownFileType = sourcecode.c.objc; path = "NSDate+RFC1123.m"; sourceTree = "<group>"; };
		18DC1BCF19711F2D008EEC5C /* NSDictionary+RequestEncoding.h */ = {isa = PBXFileReference; fileEncoding = 4; lastKnownFileType = sourcecode.c.h; path = "NSDictionary+RequestEncoding.h"; sourceTree = "<group>"; };
		18DC1BD019711F2D008EEC5C /* NSDictionary+RequestEncoding.m */ = {isa = PBXFileReference; fileEncoding = 4; lastKnownFileType = sourcecode.c.objc; path = "NSDictionary+RequestEncoding.m"; sourceTree = "<group>"; };
		18DC1BD119711F2D008EEC5C /* NSString+MKNetworkKitAdditions.h */ = {isa = PBXFileReference; fileEncoding = 4; lastKnownFileType = sourcecode.c.h; path = "NSString+MKNetworkKitAdditions.h"; sourceTree = "<group>"; };
		18DC1BD219711F2D008EEC5C /* NSString+MKNetworkKitAdditions.m */ = {isa = PBXFileReference; fileEncoding = 4; lastKnownFileType = sourcecode.c.objc; path = "NSString+MKNetworkKitAdditions.m"; sourceTree = "<group>"; };
		18DC1BD319711F2D008EEC5C /* UIAlertView+MKNetworkKitAdditions.h */ = {isa = PBXFileReference; fileEncoding = 4; lastKnownFileType = sourcecode.c.h; path = "UIAlertView+MKNetworkKitAdditions.h"; sourceTree = "<group>"; };
		18DC1BD419711F2D008EEC5C /* UIAlertView+MKNetworkKitAdditions.m */ = {isa = PBXFileReference; fileEncoding = 4; lastKnownFileType = sourcecode.c.objc; path = "UIAlertView+MKNetworkKitAdditions.m"; sourceTree = "<group>"; };
		18DC1BD519711F2D008EEC5C /* UIImage+EllipseImage.h */ = {isa = PBXFileReference; fileEncoding = 4; lastKnownFileType = sourcecode.c.h; path = "UIImage+EllipseImage.h"; sourceTree = "<group>"; };
		18DC1BD619711F2D008EEC5C /* UIImage+EllipseImage.m */ = {isa = PBXFileReference; fileEncoding = 4; lastKnownFileType = sourcecode.c.objc; path = "UIImage+EllipseImage.m"; sourceTree = "<group>"; };
		18DC1BD719711F2D008EEC5C /* UIImageView+MKNetworkKitAdditions.h */ = {isa = PBXFileReference; fileEncoding = 4; lastKnownFileType = sourcecode.c.h; path = "UIImageView+MKNetworkKitAdditions.h"; sourceTree = "<group>"; };
		18DC1BD819711F2D008EEC5C /* UIImageView+MKNetworkKitAdditions.m */ = {isa = PBXFileReference; fileEncoding = 4; lastKnownFileType = sourcecode.c.objc; path = "UIImageView+MKNetworkKitAdditions.m"; sourceTree = "<group>"; };
		18DC1BD919711F2D008EEC5C /* MKNetworkEngine.h */ = {isa = PBXFileReference; fileEncoding = 4; lastKnownFileType = sourcecode.c.h; path = MKNetworkEngine.h; sourceTree = "<group>"; };
		18DC1BDA19711F2D008EEC5C /* MKNetworkEngine.m */ = {isa = PBXFileReference; fileEncoding = 4; lastKnownFileType = sourcecode.c.objc; path = MKNetworkEngine.m; sourceTree = "<group>"; };
		18DC1BDB19711F2D008EEC5C /* MKNetworkKit.h */ = {isa = PBXFileReference; fileEncoding = 4; lastKnownFileType = sourcecode.c.h; path = MKNetworkKit.h; sourceTree = "<group>"; };
		18DC1BDC19711F2D008EEC5C /* MKNetworkOperation.h */ = {isa = PBXFileReference; fileEncoding = 4; lastKnownFileType = sourcecode.c.h; path = MKNetworkOperation.h; sourceTree = "<group>"; };
		18DC1BDD19711F2D008EEC5C /* MKNetworkOperation.m */ = {isa = PBXFileReference; fileEncoding = 4; lastKnownFileType = sourcecode.c.objc; path = MKNetworkOperation.m; sourceTree = "<group>"; };
		18DC1BDF19711F2D008EEC5C /* Reachability.h */ = {isa = PBXFileReference; fileEncoding = 4; lastKnownFileType = sourcecode.c.h; path = Reachability.h; sourceTree = "<group>"; };
		18DC1BE019711F2D008EEC5C /* Reachability.m */ = {isa = PBXFileReference; fileEncoding = 4; lastKnownFileType = sourcecode.c.objc; path = Reachability.m; sourceTree = "<group>"; };
		18DC1BED1971209A008EEC5C /* iLIBBookCircleItem.h */ = {isa = PBXFileReference; fileEncoding = 4; lastKnownFileType = sourcecode.c.h; path = iLIBBookCircleItem.h; sourceTree = "<group>"; };
		18DC1BEE1971209A008EEC5C /* iLIBBookCircleItem.m */ = {isa = PBXFileReference; fileEncoding = 4; lastKnownFileType = sourcecode.c.objc; path = iLIBBookCircleItem.m; sourceTree = "<group>"; };
		18DC1BEF1971209A008EEC5C /* iLIBBookItem.h */ = {isa = PBXFileReference; fileEncoding = 4; lastKnownFileType = sourcecode.c.h; path = iLIBBookItem.h; sourceTree = "<group>"; };
		18DC1BF01971209A008EEC5C /* iLIBBookItem.m */ = {isa = PBXFileReference; fileEncoding = 4; lastKnownFileType = sourcecode.c.objc; path = iLIBBookItem.m; sourceTree = "<group>"; };
		18DC1BF11971209A008EEC5C /* iLIBComment.h */ = {isa = PBXFileReference; fileEncoding = 4; lastKnownFileType = sourcecode.c.h; path = iLIBComment.h; sourceTree = "<group>"; };
		18DC1BF21971209A008EEC5C /* iLIBComment.m */ = {isa = PBXFileReference; fileEncoding = 4; lastKnownFileType = sourcecode.c.objc; path = iLIBComment.m; sourceTree = "<group>"; };
		18DC1BF31971209A008EEC5C /* iLIBFloatBookItem.h */ = {isa = PBXFileReference; fileEncoding = 4; lastKnownFileType = sourcecode.c.h; path = iLIBFloatBookItem.h; sourceTree = "<group>"; };
		18DC1BF41971209A008EEC5C /* iLIBFloatBookItem.m */ = {isa = PBXFileReference; fileEncoding = 4; lastKnownFileType = sourcecode.c.objc; path = iLIBFloatBookItem.m; sourceTree = "<group>"; };
		18DC1BF919712297008EEC5C /* iLIBEngine.h */ = {isa = PBXFileReference; fileEncoding = 4; lastKnownFileType = sourcecode.c.h; path = iLIBEngine.h; sourceTree = "<group>"; };
		18DC1BFA19712297008EEC5C /* iLIBEngine.m */ = {isa = PBXFileReference; fileEncoding = 4; lastKnownFileType = sourcecode.c.objc; path = iLIBEngine.m; sourceTree = "<group>"; };
		2C1B312B196BC4F40076E2DF /* iLibrarians.app */ = {isa = PBXFileReference; explicitFileType = wrapper.application; includeInIndex = 0; path = iLibrarians.app; sourceTree = BUILT_PRODUCTS_DIR; };
		2C1B312E196BC4F40076E2DF /* Foundation.framework */ = {isa = PBXFileReference; lastKnownFileType = wrapper.framework; name = Foundation.framework; path = System/Library/Frameworks/Foundation.framework; sourceTree = SDKROOT; };
		2C1B3130196BC4F40076E2DF /* CoreGraphics.framework */ = {isa = PBXFileReference; lastKnownFileType = wrapper.framework; name = CoreGraphics.framework; path = System/Library/Frameworks/CoreGraphics.framework; sourceTree = SDKROOT; };
		2C1B3132196BC4F40076E2DF /* UIKit.framework */ = {isa = PBXFileReference; lastKnownFileType = wrapper.framework; name = UIKit.framework; path = System/Library/Frameworks/UIKit.framework; sourceTree = SDKROOT; };
		2C1B3136196BC4F40076E2DF /* iLibrarians-Info.plist */ = {isa = PBXFileReference; lastKnownFileType = text.plist.xml; path = "iLibrarians-Info.plist"; sourceTree = "<group>"; };
		2C1B3138196BC4F40076E2DF /* en */ = {isa = PBXFileReference; lastKnownFileType = text.plist.strings; name = en; path = en.lproj/InfoPlist.strings; sourceTree = "<group>"; };
		2C1B313A196BC4F40076E2DF /* main.m */ = {isa = PBXFileReference; lastKnownFileType = sourcecode.c.objc; path = main.m; sourceTree = "<group>"; };
		2C1B313C196BC4F40076E2DF /* iLibrarians-Prefix.pch */ = {isa = PBXFileReference; lastKnownFileType = sourcecode.c.h; path = "iLibrarians-Prefix.pch"; sourceTree = "<group>"; };
		2C1B313D196BC4F40076E2DF /* SLAppDelegate.h */ = {isa = PBXFileReference; lastKnownFileType = sourcecode.c.h; path = SLAppDelegate.h; sourceTree = "<group>"; };
		2C1B313E196BC4F40076E2DF /* SLAppDelegate.m */ = {isa = PBXFileReference; lastKnownFileType = sourcecode.c.objc; path = SLAppDelegate.m; sourceTree = "<group>"; };
		2C1B3140196BC4F40076E2DF /* Images.xcassets */ = {isa = PBXFileReference; lastKnownFileType = folder.assetcatalog; path = Images.xcassets; sourceTree = "<group>"; };
		2C1B3146196BC4F40076E2DF /* iLibrariansTests.xctest */ = {isa = PBXFileReference; explicitFileType = wrapper.cfbundle; includeInIndex = 0; path = iLibrariansTests.xctest; sourceTree = BUILT_PRODUCTS_DIR; };
		2C1B3147196BC4F40076E2DF /* XCTest.framework */ = {isa = PBXFileReference; lastKnownFileType = wrapper.framework; name = XCTest.framework; path = Library/Frameworks/XCTest.framework; sourceTree = DEVELOPER_DIR; };
		2C1B314F196BC4F40076E2DF /* iLibrariansTests-Info.plist */ = {isa = PBXFileReference; lastKnownFileType = text.plist.xml; path = "iLibrariansTests-Info.plist"; sourceTree = "<group>"; };
		2C1B3151196BC4F40076E2DF /* en */ = {isa = PBXFileReference; lastKnownFileType = text.plist.strings; name = en; path = en.lproj/InfoPlist.strings; sourceTree = "<group>"; };
		2C1B3153196BC4F40076E2DF /* iLibrariansTests.m */ = {isa = PBXFileReference; lastKnownFileType = sourcecode.c.objc; path = iLibrariansTests.m; sourceTree = "<group>"; };
		2CB91CBE196C036F00BD961C /* SLLogInViewController.h */ = {isa = PBXFileReference; fileEncoding = 4; lastKnownFileType = sourcecode.c.h; path = SLLogInViewController.h; sourceTree = "<group>"; };
		2CB91CBF196C036F00BD961C /* SLLogInViewController.m */ = {isa = PBXFileReference; fileEncoding = 4; lastKnownFileType = sourcecode.c.objc; path = SLLogInViewController.m; sourceTree = "<group>"; };
		2CB91CC4196C04C600BD961C /* SLPersistencyAPI.h */ = {isa = PBXFileReference; fileEncoding = 4; lastKnownFileType = sourcecode.c.h; path = SLPersistencyAPI.h; sourceTree = "<group>"; };
		2CB91CC5196C04C600BD961C /* SLPersistencyAPI.m */ = {isa = PBXFileReference; fileEncoding = 4; lastKnownFileType = sourcecode.c.objc; path = SLPersistencyAPI.m; sourceTree = "<group>"; };
		2CD4F032197104F10077A967 /* SLMyLibraryViewController.h */ = {isa = PBXFileReference; fileEncoding = 4; lastKnownFileType = sourcecode.c.h; path = SLMyLibraryViewController.h; sourceTree = "<group>"; };
		2CD4F033197104F10077A967 /* SLMyLibraryViewController.m */ = {isa = PBXFileReference; fileEncoding = 4; lastKnownFileType = sourcecode.c.objc; path = SLMyLibraryViewController.m; sourceTree = "<group>"; };
		2CD4F0351971050B0077A967 /* SLBooksExchangeViewController.h */ = {isa = PBXFileReference; fileEncoding = 4; lastKnownFileType = sourcecode.c.h; path = SLBooksExchangeViewController.h; sourceTree = "<group>"; };
		2CD4F0361971050B0077A967 /* SLBooksExchangeViewController.m */ = {isa = PBXFileReference; fileEncoding = 4; lastKnownFileType = sourcecode.c.objc; path = SLBooksExchangeViewController.m; sourceTree = "<group>"; };
		2CD4F038197105400077A967 /* SLMyInfoViewController.h */ = {isa = PBXFileReference; fileEncoding = 4; lastKnownFileType = sourcecode.c.h; path = SLMyInfoViewController.h; sourceTree = "<group>"; };
		2CD4F039197105400077A967 /* SLMyInfoViewController.m */ = {isa = PBXFileReference; fileEncoding = 4; lastKnownFileType = sourcecode.c.objc; path = SLMyInfoViewController.m; sourceTree = "<group>"; };
		2CD4F03B1971054D0077A967 /* SLMainViewController.h */ = {isa = PBXFileReference; fileEncoding = 4; lastKnownFileType = sourcecode.c.h; path = SLMainViewController.h; sourceTree = "<group>"; };
		2CD4F03C1971054D0077A967 /* SLMainViewController.m */ = {isa = PBXFileReference; fileEncoding = 4; lastKnownFileType = sourcecode.c.objc; path = SLMainViewController.m; sourceTree = "<group>"; };
		2CD4F04119710E230077A967 /* SLSearchBookViewController.h */ = {isa = PBXFileReference; fileEncoding = 4; lastKnownFileType = sourcecode.c.h; path = SLSearchBookViewController.h; sourceTree = "<group>"; };
		2CD4F04219710E230077A967 /* SLSearchBookViewController.m */ = {isa = PBXFileReference; fileEncoding = 4; lastKnownFileType = sourcecode.c.objc; path = SLSearchBookViewController.m; sourceTree = "<group>"; };
		2CEF08851971802A002DDEDC /* SLPublishViewController.h */ = {isa = PBXFileReference; fileEncoding = 4; lastKnownFileType = sourcecode.c.h; path = SLPublishViewController.h; sourceTree = "<group>"; };
		2CEF08861971802A002DDEDC /* SLPublishViewController.m */ = {isa = PBXFileReference; fileEncoding = 4; lastKnownFileType = sourcecode.c.objc; path = SLPublishViewController.m; sourceTree = "<group>"; };
		8B17BC0A19712EC600F8B6A9 /* SLLogInViewController.xib */ = {isa = PBXFileReference; fileEncoding = 4; lastKnownFileType = file.xib; path = SLLogInViewController.xib; sourceTree = "<group>"; };
		8B17BC0C1971370000F8B6A9 /* MBProgressHUD.h */ = {isa = PBXFileReference; lastKnownFileType = sourcecode.c.h; path = MBProgressHUD.h; sourceTree = "<group>"; };
		8B17BC0D1971370F00F8B6A9 /* MBProgressHUD.m */ = {isa = PBXFileReference; fileEncoding = 4; lastKnownFileType = sourcecode.c.objc; path = MBProgressHUD.m; sourceTree = "<group>"; };
		8B17BC111971396400F8B6A9 /* icon_114@2x.png */ = {isa = PBXFileReference; lastKnownFileType = image.png; path = "icon_114@2x.png"; sourceTree = "<group>"; };
		8B17BC121971396400F8B6A9 /* icon_57.png */ = {isa = PBXFileReference; lastKnownFileType = image.png; path = icon_57.png; sourceTree = "<group>"; };
		8B17BC141971396400F8B6A9 /* add.png */ = {isa = PBXFileReference; lastKnownFileType = image.png; path = add.png; sourceTree = "<group>"; };
		8B17BC151971396400F8B6A9 /* coverbackground.png */ = {isa = PBXFileReference; lastKnownFileType = image.png; path = coverbackground.png; sourceTree = "<group>"; };
		8B17BC161971396400F8B6A9 /* refresh.png */ = {isa = PBXFileReference; lastKnownFileType = image.png; path = refresh.png; sourceTree = "<group>"; };
		8B17BC171971396400F8B6A9 /* renew_button.png */ = {isa = PBXFileReference; lastKnownFileType = image.png; path = renew_button.png; sourceTree = "<group>"; };
		8B17BC181971396400F8B6A9 /* return.png */ = {isa = PBXFileReference; lastKnownFileType = image.png; path = return.png; sourceTree = "<group>"; };
		8B17BC191971396400F8B6A9 /* tabbar_bookcircle.png */ = {isa = PBXFileReference; lastKnownFileType = image.png; path = tabbar_bookcircle.png; sourceTree = "<group>"; };
		8B17BC1A1971396400F8B6A9 /* tabbar_bookcircle@2x.png */ = {isa = PBXFileReference; lastKnownFileType = image.png; path = "tabbar_bookcircle@2x.png"; sourceTree = "<group>"; };
		8B17BC1B1971396400F8B6A9 /* tabbar_bookfloat.png */ = {isa = PBXFileReference; lastKnownFileType = image.png; path = tabbar_bookfloat.png; sourceTree = "<group>"; };
		8B17BC1C1971396400F8B6A9 /* tabbar_bookfloat@2x.png */ = {isa = PBXFileReference; lastKnownFileType = image.png; path = "tabbar_bookfloat@2x.png"; sourceTree = "<group>"; };
		8B17BC1D1971396400F8B6A9 /* tabbar_icon_1.1.png */ = {isa = PBXFileReference; lastKnownFileType = image.png; path = tabbar_icon_1.1.png; sourceTree = "<group>"; };
		8B17BC1E1971396400F8B6A9 /* tabbar_mylib.png */ = {isa = PBXFileReference; lastKnownFileType = image.png; path = tabbar_mylib.png; sourceTree = "<group>"; };
		8B17BC1F1971396400F8B6A9 /* tabbar_mylib@2x.png */ = {isa = PBXFileReference; lastKnownFileType = image.png; path = "tabbar_mylib@2x.png"; sourceTree = "<group>"; };
		8B17BC201971396400F8B6A9 /* tabbar_personcenter.png */ = {isa = PBXFileReference; lastKnownFileType = image.png; path = tabbar_personcenter.png; sourceTree = "<group>"; };
		8B17BC211971396400F8B6A9 /* tabbar_personcenter@2x.png */ = {isa = PBXFileReference; lastKnownFileType = image.png; path = "tabbar_personcenter@2x.png"; sourceTree = "<group>"; };
		8B17BC221971396400F8B6A9 /* tabbar_search.png */ = {isa = PBXFileReference; lastKnownFileType = image.png; path = tabbar_search.png; sourceTree = "<group>"; };
		8B17BC231971396400F8B6A9 /* tabbar_search@2x.png */ = {isa = PBXFileReference; lastKnownFileType = image.png; path = "tabbar_search@2x.png"; sourceTree = "<group>"; };
		8B17BC241971396400F8B6A9 /* userImage.png */ = {isa = PBXFileReference; lastKnownFileType = image.png; path = userImage.png; sourceTree = "<group>"; };
		8B17BC261971396400F8B6A9 /* logoutbutton.png */ = {isa = PBXFileReference; lastKnownFileType = image.png; path = logoutbutton.png; sourceTree = "<group>"; };
		8B17BC271971396400F8B6A9 /* logoutbutton@2x.png */ = {isa = PBXFileReference; lastKnownFileType = image.png; path = "logoutbutton@2x.png"; sourceTree = "<group>"; };
		8B17BC281971396400F8B6A9 /* more_selected.png */ = {isa = PBXFileReference; lastKnownFileType = image.png; path = more_selected.png; sourceTree = "<group>"; };
		8B17BC291971396400F8B6A9 /* more_selected@2x.png */ = {isa = PBXFileReference; lastKnownFileType = image.png; path = "more_selected@2x.png"; sourceTree = "<group>"; };
		8B17BC2A1971396400F8B6A9 /* more_unselected.png */ = {isa = PBXFileReference; lastKnownFileType = image.png; path = more_unselected.png; sourceTree = "<group>"; };
		8B17BC2B1971396400F8B6A9 /* more_unselected@2x.png */ = {isa = PBXFileReference; lastKnownFileType = image.png; path = "more_unselected@2x.png"; sourceTree = "<group>"; };
		8B17BC2C1971396400F8B6A9 /* mylib_selected.png */ = {isa = PBXFileReference; lastKnownFileType = image.png; path = mylib_selected.png; sourceTree = "<group>"; };
		8B17BC2D1971396400F8B6A9 /* mylib_selected@2x.png */ = {isa = PBXFileReference; lastKnownFileType = image.png; path = "mylib_selected@2x.png"; sourceTree = "<group>"; };
		8B17BC2E1971396400F8B6A9 /* mylib_unselected.png */ = {isa = PBXFileReference; lastKnownFileType = image.png; path = mylib_unselected.png; sourceTree = "<group>"; };
		8B17BC2F1971396400F8B6A9 /* mylib_unselected@2x.png */ = {isa = PBXFileReference; lastKnownFileType = image.png; path = "mylib_unselected@2x.png"; sourceTree = "<group>"; };
		8B17BC301971396400F8B6A9 /* search_selected.png */ = {isa = PBXFileReference; lastKnownFileType = image.png; path = search_selected.png; sourceTree = "<group>"; };
		8B17BC311971396400F8B6A9 /* search_selected@2x.png */ = {isa = PBXFileReference; lastKnownFileType = image.png; path = "search_selected@2x.png"; sourceTree = "<group>"; };
		8B17BC321971396400F8B6A9 /* search_unselected.png */ = {isa = PBXFileReference; lastKnownFileType = image.png; path = search_unselected.png; sourceTree = "<group>"; };
		8B17BC331971396400F8B6A9 /* search_unselected@2x.png */ = {isa = PBXFileReference; lastKnownFileType = image.png; path = "search_unselected@2x.png"; sourceTree = "<group>"; };
		8B17BC341971396400F8B6A9 /* tab-bookCircle.png */ = {isa = PBXFileReference; lastKnownFileType = image.png; path = "tab-bookCircle.png"; sourceTree = "<group>"; };
		8B17BC351971396400F8B6A9 /* tab-comment-off.png */ = {isa = PBXFileReference; lastKnownFileType = image.png; path = "tab-comment-off.png"; sourceTree = "<group>"; };
		8B17BC361971396400F8B6A9 /* tab-comment-off@2x.png */ = {isa = PBXFileReference; lastKnownFileType = image.png; path = "tab-comment-off@2x.png"; sourceTree = "<group>"; };
		8B17BC371971396400F8B6A9 /* tab-mylib-off.png */ = {isa = PBXFileReference; lastKnownFileType = image.png; path = "tab-mylib-off.png"; sourceTree = "<group>"; };
		8B17BC381971396400F8B6A9 /* tab-mylib-off@2x.png */ = {isa = PBXFileReference; lastKnownFileType = image.png; path = "tab-mylib-off@2x.png"; sourceTree = "<group>"; };
		8B17BC391971396400F8B6A9 /* tab-search-off.png */ = {isa = PBXFileReference; lastKnownFileType = image.png; path = "tab-search-off.png"; sourceTree = "<group>"; };
		8B17BC3A1971396400F8B6A9 /* tab-search-off@2x.png */ = {isa = PBXFileReference; lastKnownFileType = image.png; path = "tab-search-off@2x.png"; sourceTree = "<group>"; };
		8B17BC3B1971396400F8B6A9 /* tab-setting-off.png */ = {isa = PBXFileReference; lastKnownFileType = image.png; path = "tab-setting-off.png"; sourceTree = "<group>"; };
		8B17BC3C1971396400F8B6A9 /* tab-setting-off@2x.png */ = {isa = PBXFileReference; lastKnownFileType = image.png; path = "tab-setting-off@2x.png"; sourceTree = "<group>"; };
		8B17BC3D1971396400F8B6A9 /* tabbar-active.png */ = {isa = PBXFileReference; lastKnownFileType = image.png; path = "tabbar-active.png"; sourceTree = "<group>"; };
		8B17BC3E1971396400F8B6A9 /* tabbar-active@2x.png */ = {isa = PBXFileReference; lastKnownFileType = image.png; path = "tabbar-active@2x.png"; sourceTree = "<group>"; };
		8B17BC3F1971396400F8B6A9 /* tabbar.png */ = {isa = PBXFileReference; lastKnownFileType = image.png; path = tabbar.png; sourceTree = "<group>"; };
		8B17BC401971396400F8B6A9 /* tabbar@2x.png */ = {isa = PBXFileReference; lastKnownFileType = image.png; path = "tabbar@2x.png"; sourceTree = "<group>"; };
		8B17BC7019713B2C00F8B6A9 /* about_bg.png */ = {isa = PBXFileReference; lastKnownFileType = image.png; path = about_bg.png; sourceTree = "<group>"; };
		8B17BC7119713B2C00F8B6A9 /* about_bg@2x.png */ = {isa = PBXFileReference; lastKnownFileType = image.png; path = "about_bg@2x.png"; sourceTree = "<group>"; };
		8B17BC7219713B2C00F8B6A9 /* add.png */ = {isa = PBXFileReference; lastKnownFileType = image.png; path = add.png; sourceTree = "<group>"; };
		8B17BC7319713B2C00F8B6A9 /* background.png */ = {isa = PBXFileReference; lastKnownFileType = image.png; path = background.png; sourceTree = "<group>"; };
		8B17BC7419713B2C00F8B6A9 /* background_iphone4s.png */ = {isa = PBXFileReference; lastKnownFileType = image.png; path = background_iphone4s.png; sourceTree = "<group>"; };
		8B17BC7519713B2C00F8B6A9 /* book_item_bg.png */ = {isa = PBXFileReference; lastKnownFileType = image.png; path = book_item_bg.png; sourceTree = "<group>"; };
		8B17BC7619713B2C00F8B6A9 /* bookimage.png */ = {isa = PBXFileReference; lastKnownFileType = image.png; path = bookimage.png; sourceTree = "<group>"; };
		8B17BC7719713B2C00F8B6A9 /* converbackground.png */ = {isa = PBXFileReference; lastKnownFileType = image.png; path = converbackground.png; sourceTree = "<group>"; };
		8B17BC7819713B2C00F8B6A9 /* dot.png */ = {isa = PBXFileReference; lastKnownFileType = image.png; path = dot.png; sourceTree = "<group>"; };
		8B17BC7919713B2C00F8B6A9 /* dot_b.png */ = {isa = PBXFileReference; lastKnownFileType = image.png; path = dot_b.png; sourceTree = "<group>"; };
		8B17BC7A19713B2C00F8B6A9 /* dot_o.png */ = {isa = PBXFileReference; lastKnownFileType = image.png; path = dot_o.png; sourceTree = "<group>"; };
		8B17BC7B19713B2C00F8B6A9 /* dot_p.png */ = {isa = PBXFileReference; lastKnownFileType = image.png; path = dot_p.png; sourceTree = "<group>"; };
		8B17BC7C19713B2C00F8B6A9 /* icon_57.png */ = {isa = PBXFileReference; lastKnownFileType = image.png; path = icon_57.png; sourceTree = "<group>"; };
		8B17BC7D19713B2C00F8B6A9 /* item_bg_1.png */ = {isa = PBXFileReference; lastKnownFileType = image.png; path = item_bg_1.png; sourceTree = "<group>"; };
		8B17BC7E19713B2C00F8B6A9 /* item_bg_2.png */ = {isa = PBXFileReference; lastKnownFileType = image.png; path = item_bg_2.png; sourceTree = "<group>"; };
		8B17BC7F19713B2C00F8B6A9 /* item_bg_3.png */ = {isa = PBXFileReference; lastKnownFileType = image.png; path = item_bg_3.png; sourceTree = "<group>"; };
		8B17BC8019713B2C00F8B6A9 /* line.png */ = {isa = PBXFileReference; lastKnownFileType = image.png; path = line.png; sourceTree = "<group>"; };
		8B17BC8119713B2C00F8B6A9 /* navigation_bar.png */ = {isa = PBXFileReference; lastKnownFileType = image.png; path = navigation_bar.png; sourceTree = "<group>"; };
		8B17BC8219713B2C00F8B6A9 /* order_button.png */ = {isa = PBXFileReference; lastKnownFileType = image.png; path = order_button.png; sourceTree = "<group>"; };
		8B17BC8319713B2C00F8B6A9 /* refresh.png */ = {isa = PBXFileReference; lastKnownFileType = image.png; path = refresh.png; sourceTree = "<group>"; };
		8B17BC8419713B2C00F8B6A9 /* return.png */ = {isa = PBXFileReference; lastKnownFileType = image.png; path = return.png; sourceTree = "<group>"; };
		8B17BC8519713B2C00F8B6A9 /* search_bar.png */ = {isa = PBXFileReference; lastKnownFileType = image.png; path = search_bar.png; sourceTree = "<group>"; };
		8B17BC8619713B2C00F8B6A9 /* search_input.png */ = {isa = PBXFileReference; lastKnownFileType = image.png; path = search_input.png; sourceTree = "<group>"; };
		8B17BC8719713B2C00F8B6A9 /* setting_bg.png */ = {isa = PBXFileReference; lastKnownFileType = image.png; path = setting_bg.png; sourceTree = "<group>"; };
		8B17BC8819713B2C00F8B6A9 /* setting_bg_@2x.png */ = {isa = PBXFileReference; lastKnownFileType = image.png; path = "setting_bg_@2x.png"; sourceTree = "<group>"; };
		8B17BC8919713B2C00F8B6A9 /* status_bar_iphone5、4s.png */ = {isa = PBXFileReference; lastKnownFileType = image.png; path = "status_bar_iphone5、4s.png"; sourceTree = "<group>"; };
		8B17BC8A19713B2C00F8B6A9 /* tabbar2.png */ = {isa = PBXFileReference; lastKnownFileType = image.png; path = tabbar2.png; sourceTree = "<group>"; };
		8B17BC8B19713B2C00F8B6A9 /* tabbar_icon_1.png */ = {isa = PBXFileReference; lastKnownFileType = image.png; path = tabbar_icon_1.png; sourceTree = "<group>"; };
		8B17BC8C19713B2C00F8B6A9 /* tabbar_icon_2.png */ = {isa = PBXFileReference; lastKnownFileType = image.png; path = tabbar_icon_2.png; sourceTree = "<group>"; };
		8B17BC8D19713B2C00F8B6A9 /* tabbar_icon_3.png */ = {isa = PBXFileReference; lastKnownFileType = image.png; path = tabbar_icon_3.png; sourceTree = "<group>"; };
		8B17BC8E19713B2C00F8B6A9 /* tabbar_icon_4.png */ = {isa = PBXFileReference; lastKnownFileType = image.png; path = tabbar_icon_4.png; sourceTree = "<group>"; };
		8B17BC8F19713B2C00F8B6A9 /* text_input.png */ = {isa = PBXFileReference; lastKnownFileType = image.png; path = text_input.png; sourceTree = "<group>"; };
		A9C5E57E197574880096EBBF /* SLSearchResultViewController.h */ = {isa = PBXFileReference; fileEncoding = 4; lastKnownFileType = sourcecode.c.h; path = SLSearchResultViewController.h; sourceTree = "<group>"; };
		A9C5E57F197574880096EBBF /* SLSearchResultViewController.m */ = {isa = PBXFileReference; fileEncoding = 4; lastKnownFileType = sourcecode.c.objc; path = SLSearchResultViewController.m; sourceTree = "<group>"; };
		A9C5E581197575600096EBBF /* SLBookDetailViewController.h */ = {isa = PBXFileReference; fileEncoding = 4; lastKnownFileType = sourcecode.c.h; path = SLBookDetailViewController.h; sourceTree = "<group>"; };
		A9C5E582197575600096EBBF /* SLBookDetailViewController.m */ = {isa = PBXFileReference; fileEncoding = 4; lastKnownFileType = sourcecode.c.objc; path = SLBookDetailViewController.m; sourceTree = "<group>"; };
		F6A4560619765BEF00EEF2C6 /* SLBookExchangeView.h */ = {isa = PBXFileReference; fileEncoding = 4; lastKnownFileType = sourcecode.c.h; path = SLBookExchangeView.h; sourceTree = "<group>"; };
		F6A4560719765BEF00EEF2C6 /* SLBookExchangeView.m */ = {isa = PBXFileReference; fileEncoding = 4; lastKnownFileType = sourcecode.c.objc; path = SLBookExchangeView.m; sourceTree = "<group>"; };
		F6A456171976678100EEF2C6 /* ArrayDataSource.h */ = {isa = PBXFileReference; fileEncoding = 4; lastKnownFileType = sourcecode.c.h; path = ArrayDataSource.h; sourceTree = "<group>"; };
		F6A456181976678100EEF2C6 /* ArrayDataSource.m */ = {isa = PBXFileReference; fileEncoding = 4; lastKnownFileType = sourcecode.c.objc; path = ArrayDataSource.m; sourceTree = "<group>"; };
		F6A456201977602D00EEF2C6 /* SLBookExchangeCell.h */ = {isa = PBXFileReference; fileEncoding = 4; lastKnownFileType = sourcecode.c.h; path = SLBookExchangeCell.h; sourceTree = "<group>"; };
		F6A456211977602D00EEF2C6 /* SLBookExchangeCell.m */ = {isa = PBXFileReference; fileEncoding = 4; lastKnownFileType = sourcecode.c.objc; path = SLBookExchangeCell.m; sourceTree = "<group>"; };
		F6A4563F1977A20700EEF2C6 /* MJRefresh.bundle */ = {isa = PBXFileReference; lastKnownFileType = "wrapper.plug-in"; path = MJRefresh.bundle; sourceTree = "<group>"; };
		F6A456401977A20700EEF2C6 /* MJRefresh.h */ = {isa = PBXFileReference; fileEncoding = 4; lastKnownFileType = sourcecode.c.h; path = MJRefresh.h; sourceTree = "<group>"; };
		F6A456411977A20700EEF2C6 /* MJRefreshBaseView.h */ = {isa = PBXFileReference; fileEncoding = 4; lastKnownFileType = sourcecode.c.h; path = MJRefreshBaseView.h; sourceTree = "<group>"; };
		F6A456421977A20700EEF2C6 /* MJRefreshBaseView.m */ = {isa = PBXFileReference; fileEncoding = 4; lastKnownFileType = sourcecode.c.objc; path = MJRefreshBaseView.m; sourceTree = "<group>"; };
		F6A456431977A20700EEF2C6 /* MJRefreshFooterView.h */ = {isa = PBXFileReference; fileEncoding = 4; lastKnownFileType = sourcecode.c.h; path = MJRefreshFooterView.h; sourceTree = "<group>"; };
		F6A456441977A20700EEF2C6 /* MJRefreshFooterView.m */ = {isa = PBXFileReference; fileEncoding = 4; lastKnownFileType = sourcecode.c.objc; path = MJRefreshFooterView.m; sourceTree = "<group>"; };
		F6A456451977A20700EEF2C6 /* MJRefreshHeaderView.h */ = {isa = PBXFileReference; fileEncoding = 4; lastKnownFileType = sourcecode.c.h; path = MJRefreshHeaderView.h; sourceTree = "<group>"; };
		F6A456461977A20700EEF2C6 /* MJRefreshHeaderView.m */ = {isa = PBXFileReference; fileEncoding = 4; lastKnownFileType = sourcecode.c.objc; path = MJRefreshHeaderView.m; sourceTree = "<group>"; };
/* End PBXFileReference section */

/* Begin PBXFrameworksBuildPhase section */
		2C1B3128196BC4F40076E2DF /* Frameworks */ = {
			isa = PBXFrameworksBuildPhase;
			buildActionMask = 2147483647;
			files = (
				2C1B3131196BC4F40076E2DF /* CoreGraphics.framework in Frameworks */,
				2C1B3133196BC4F40076E2DF /* UIKit.framework in Frameworks */,
				2C1B312F196BC4F40076E2DF /* Foundation.framework in Frameworks */,
			);
			runOnlyForDeploymentPostprocessing = 0;
		};
		2C1B3143196BC4F40076E2DF /* Frameworks */ = {
			isa = PBXFrameworksBuildPhase;
			buildActionMask = 2147483647;
			files = (
				2C1B3148196BC4F40076E2DF /* XCTest.framework in Frameworks */,
				2C1B314A196BC4F40076E2DF /* UIKit.framework in Frameworks */,
				2C1B3149196BC4F40076E2DF /* Foundation.framework in Frameworks */,
			);
			runOnlyForDeploymentPostprocessing = 0;
		};
/* End PBXFrameworksBuildPhase section */

/* Begin PBXGroup section */
		18DC1BC619711F2D008EEC5C /* ThirdParty */ = {
			isa = PBXGroup;
			children = (
				F6A4563E1977A20700EEF2C6 /* MJRefresh */,
				F6A456161976678100EEF2C6 /* ArrayDataSource */,
				18DC1BC719711F2D008EEC5C /* MKNetworkKit */,
			);
			path = ThirdParty;
			sourceTree = "<group>";
		};
		18DC1BC719711F2D008EEC5C /* MKNetworkKit */ = {
			isa = PBXGroup;
			children = (
				18DC1BC819711F2D008EEC5C /* Categories */,
				18DC1BD919711F2D008EEC5C /* MKNetworkEngine.h */,
				18DC1BDA19711F2D008EEC5C /* MKNetworkEngine.m */,
				18DC1BDB19711F2D008EEC5C /* MKNetworkKit.h */,
				18DC1BDC19711F2D008EEC5C /* MKNetworkOperation.h */,
				18DC1BDD19711F2D008EEC5C /* MKNetworkOperation.m */,
				18DC1BDE19711F2D008EEC5C /* Reachability */,
			);
			path = MKNetworkKit;
			sourceTree = "<group>";
		};
		18DC1BC819711F2D008EEC5C /* Categories */ = {
			isa = PBXGroup;
			children = (
				8B17BC0D1971370F00F8B6A9 /* MBProgressHUD.m */,
				8B17BC0C1971370000F8B6A9 /* MBProgressHUD.h */,
				18DC1BC919711F2D008EEC5C /* NSAlert+MKNetworkKitAdditions.h */,
				18DC1BCA19711F2D008EEC5C /* NSAlert+MKNetworkKitAdditions.m */,
				18DC1BCB19711F2D008EEC5C /* NSData+MKBase64.h */,
				18DC1BCC19711F2D008EEC5C /* NSData+MKBase64.m */,
				18DC1BCD19711F2D008EEC5C /* NSDate+RFC1123.h */,
				18DC1BCE19711F2D008EEC5C /* NSDate+RFC1123.m */,
				18DC1BCF19711F2D008EEC5C /* NSDictionary+RequestEncoding.h */,
				18DC1BD019711F2D008EEC5C /* NSDictionary+RequestEncoding.m */,
				18DC1BD119711F2D008EEC5C /* NSString+MKNetworkKitAdditions.h */,
				18DC1BD219711F2D008EEC5C /* NSString+MKNetworkKitAdditions.m */,
				18DC1BD319711F2D008EEC5C /* UIAlertView+MKNetworkKitAdditions.h */,
				18DC1BD419711F2D008EEC5C /* UIAlertView+MKNetworkKitAdditions.m */,
				18DC1BD519711F2D008EEC5C /* UIImage+EllipseImage.h */,
				18DC1BD619711F2D008EEC5C /* UIImage+EllipseImage.m */,
				18DC1BD719711F2D008EEC5C /* UIImageView+MKNetworkKitAdditions.h */,
				18DC1BD819711F2D008EEC5C /* UIImageView+MKNetworkKitAdditions.m */,
			);
			path = Categories;
			sourceTree = "<group>";
		};
		18DC1BDE19711F2D008EEC5C /* Reachability */ = {
			isa = PBXGroup;
			children = (
				18DC1BDF19711F2D008EEC5C /* Reachability.h */,
				18DC1BE019711F2D008EEC5C /* Reachability.m */,
			);
			path = Reachability;
			sourceTree = "<group>";
		};
		18DC1BEC1971209A008EEC5C /* Model */ = {
			isa = PBXGroup;
			children = (
				18DC1BED1971209A008EEC5C /* iLIBBookCircleItem.h */,
				18DC1BEE1971209A008EEC5C /* iLIBBookCircleItem.m */,
				18DC1BEF1971209A008EEC5C /* iLIBBookItem.h */,
				18DC1BF01971209A008EEC5C /* iLIBBookItem.m */,
				18DC1BF11971209A008EEC5C /* iLIBComment.h */,
				18DC1BF21971209A008EEC5C /* iLIBComment.m */,
				18DC1BF31971209A008EEC5C /* iLIBFloatBookItem.h */,
				18DC1BF41971209A008EEC5C /* iLIBFloatBookItem.m */,
			);
			path = Model;
			sourceTree = "<group>";
		};
		18DC1BFD19712363008EEC5C /* NetworkingEngine */ = {
			isa = PBXGroup;
			children = (
				18DC1BF919712297008EEC5C /* iLIBEngine.h */,
				18DC1BFA19712297008EEC5C /* iLIBEngine.m */,
			);
			name = NetworkingEngine;
			sourceTree = "<group>";
		};
		2C1B3122196BC4F40076E2DF = {
			isa = PBXGroup;
			children = (
				2C1B3134196BC4F40076E2DF /* iLibrarians */,
				2C1B314D196BC4F40076E2DF /* iLibrariansTests */,
				2C1B312D196BC4F40076E2DF /* Frameworks */,
				2C1B312C196BC4F40076E2DF /* Products */,
			);
			sourceTree = "<group>";
		};
		2C1B312C196BC4F40076E2DF /* Products */ = {
			isa = PBXGroup;
			children = (
				2C1B312B196BC4F40076E2DF /* iLibrarians.app */,
				2C1B3146196BC4F40076E2DF /* iLibrariansTests.xctest */,
			);
			name = Products;
			sourceTree = "<group>";
		};
		2C1B312D196BC4F40076E2DF /* Frameworks */ = {
			isa = PBXGroup;
			children = (
				2C1B312E196BC4F40076E2DF /* Foundation.framework */,
				2C1B3130196BC4F40076E2DF /* CoreGraphics.framework */,
				2C1B3132196BC4F40076E2DF /* UIKit.framework */,
				2C1B3147196BC4F40076E2DF /* XCTest.framework */,
			);
			name = Frameworks;
			sourceTree = "<group>";
		};
		2C1B3134196BC4F40076E2DF /* iLibrarians */ = {
			isa = PBXGroup;
			children = (
				8B17BC0F1971396400F8B6A9 /* Image */,
				18DC1BEC1971209A008EEC5C /* Model */,
				18DC1BC619711F2D008EEC5C /* ThirdParty */,
				2CB91CBD196C034F00BD961C /* ViewControllers */,
				F6A4561F19775FEE00EEF2C6 /* Cell */,
				2C1B313D196BC4F40076E2DF /* SLAppDelegate.h */,
				2C1B313E196BC4F40076E2DF /* SLAppDelegate.m */,
				2C1B3140196BC4F40076E2DF /* Images.xcassets */,
				18DC1BFD19712363008EEC5C /* NetworkingEngine */,
				2C1B3135196BC4F40076E2DF /* Supporting Files */,
				2CB91CC4196C04C600BD961C /* SLPersistencyAPI.h */,
				2CB91CC5196C04C600BD961C /* SLPersistencyAPI.m */,
			);
			path = iLibrarians;
			sourceTree = "<group>";
		};
		2C1B3135196BC4F40076E2DF /* Supporting Files */ = {
			isa = PBXGroup;
			children = (
				2C1B3136196BC4F40076E2DF /* iLibrarians-Info.plist */,
				2C1B3137196BC4F40076E2DF /* InfoPlist.strings */,
				2C1B313A196BC4F40076E2DF /* main.m */,
				2C1B313C196BC4F40076E2DF /* iLibrarians-Prefix.pch */,
			);
			name = "Supporting Files";
			sourceTree = "<group>";
		};
		2C1B314D196BC4F40076E2DF /* iLibrariansTests */ = {
			isa = PBXGroup;
			children = (
				2C1B3153196BC4F40076E2DF /* iLibrariansTests.m */,
				2C1B314E196BC4F40076E2DF /* Supporting Files */,
			);
			path = iLibrariansTests;
			sourceTree = "<group>";
		};
		2C1B314E196BC4F40076E2DF /* Supporting Files */ = {
			isa = PBXGroup;
			children = (
				2C1B314F196BC4F40076E2DF /* iLibrariansTests-Info.plist */,
				2C1B3150196BC4F40076E2DF /* InfoPlist.strings */,
			);
			name = "Supporting Files";
			sourceTree = "<group>";
		};
		2CB91CBD196C034F00BD961C /* ViewControllers */ = {
			isa = PBXGroup;
			children = (
				8B17BC0A19712EC600F8B6A9 /* SLLogInViewController.xib */,
				2CB91CBE196C036F00BD961C /* SLLogInViewController.h */,
				2CB91CBF196C036F00BD961C /* SLLogInViewController.m */,
				2CD4F03B1971054D0077A967 /* SLMainViewController.h */,
				2CD4F03C1971054D0077A967 /* SLMainViewController.m */,
				2CD4F032197104F10077A967 /* SLMyLibraryViewController.h */,
				2CD4F033197104F10077A967 /* SLMyLibraryViewController.m */,
				2CD4F04119710E230077A967 /* SLSearchBookViewController.h */,
				2CD4F04219710E230077A967 /* SLSearchBookViewController.m */,
				A9C5E57E197574880096EBBF /* SLSearchResultViewController.h */,
				A9C5E57F197574880096EBBF /* SLSearchResultViewController.m */,
				A9C5E581197575600096EBBF /* SLBookDetailViewController.h */,
				A9C5E582197575600096EBBF /* SLBookDetailViewController.m */,
				2CD4F0351971050B0077A967 /* SLBooksExchangeViewController.h */,
				2CD4F0361971050B0077A967 /* SLBooksExchangeViewController.m */,
				F6A4560619765BEF00EEF2C6 /* SLBookExchangeView.h */,
				F6A4560719765BEF00EEF2C6 /* SLBookExchangeView.m */,
				2CD4F038197105400077A967 /* SLMyInfoViewController.h */,
				2CD4F039197105400077A967 /* SLMyInfoViewController.m */,
				2CEF08851971802A002DDEDC /* SLPublishViewController.h */,
				2CEF08861971802A002DDEDC /* SLPublishViewController.m */,
			);
			name = ViewControllers;
			sourceTree = "<group>";
		};
		8B17BC0F1971396400F8B6A9 /* Image */ = {
			isa = PBXGroup;
			children = (
				8B17BC6F19713B2C00F8B6A9 /* res */,
				8B17BC101971396400F8B6A9 /* Icon */,
				8B17BC131971396400F8B6A9 /* others */,
				8B17BC251971396400F8B6A9 /* tabbar */,
			);
			path = Image;
			sourceTree = "<group>";
		};
		8B17BC101971396400F8B6A9 /* Icon */ = {
			isa = PBXGroup;
			children = (
				8B17BC111971396400F8B6A9 /* icon_114@2x.png */,
				8B17BC121971396400F8B6A9 /* icon_57.png */,
			);
			path = Icon;
			sourceTree = "<group>";
		};
		8B17BC131971396400F8B6A9 /* others */ = {
			isa = PBXGroup;
			children = (
				8B17BC141971396400F8B6A9 /* add.png */,
				8B17BC151971396400F8B6A9 /* coverbackground.png */,
				8B17BC161971396400F8B6A9 /* refresh.png */,
				8B17BC171971396400F8B6A9 /* renew_button.png */,
				8B17BC181971396400F8B6A9 /* return.png */,
				8B17BC191971396400F8B6A9 /* tabbar_bookcircle.png */,
				8B17BC1A1971396400F8B6A9 /* tabbar_bookcircle@2x.png */,
				8B17BC1B1971396400F8B6A9 /* tabbar_bookfloat.png */,
				8B17BC1C1971396400F8B6A9 /* tabbar_bookfloat@2x.png */,
				8B17BC1D1971396400F8B6A9 /* tabbar_icon_1.1.png */,
				8B17BC1E1971396400F8B6A9 /* tabbar_mylib.png */,
				8B17BC1F1971396400F8B6A9 /* tabbar_mylib@2x.png */,
				8B17BC201971396400F8B6A9 /* tabbar_personcenter.png */,
				8B17BC211971396400F8B6A9 /* tabbar_personcenter@2x.png */,
				8B17BC221971396400F8B6A9 /* tabbar_search.png */,
				8B17BC231971396400F8B6A9 /* tabbar_search@2x.png */,
				8B17BC241971396400F8B6A9 /* userImage.png */,
			);
			path = others;
			sourceTree = "<group>";
		};
		8B17BC251971396400F8B6A9 /* tabbar */ = {
			isa = PBXGroup;
			children = (
				8B17BC261971396400F8B6A9 /* logoutbutton.png */,
				8B17BC271971396400F8B6A9 /* logoutbutton@2x.png */,
				8B17BC281971396400F8B6A9 /* more_selected.png */,
				8B17BC291971396400F8B6A9 /* more_selected@2x.png */,
				8B17BC2A1971396400F8B6A9 /* more_unselected.png */,
				8B17BC2B1971396400F8B6A9 /* more_unselected@2x.png */,
				8B17BC2C1971396400F8B6A9 /* mylib_selected.png */,
				8B17BC2D1971396400F8B6A9 /* mylib_selected@2x.png */,
				8B17BC2E1971396400F8B6A9 /* mylib_unselected.png */,
				8B17BC2F1971396400F8B6A9 /* mylib_unselected@2x.png */,
				8B17BC301971396400F8B6A9 /* search_selected.png */,
				8B17BC311971396400F8B6A9 /* search_selected@2x.png */,
				8B17BC321971396400F8B6A9 /* search_unselected.png */,
				8B17BC331971396400F8B6A9 /* search_unselected@2x.png */,
				8B17BC341971396400F8B6A9 /* tab-bookCircle.png */,
				8B17BC351971396400F8B6A9 /* tab-comment-off.png */,
				8B17BC361971396400F8B6A9 /* tab-comment-off@2x.png */,
				8B17BC371971396400F8B6A9 /* tab-mylib-off.png */,
				8B17BC381971396400F8B6A9 /* tab-mylib-off@2x.png */,
				8B17BC391971396400F8B6A9 /* tab-search-off.png */,
				8B17BC3A1971396400F8B6A9 /* tab-search-off@2x.png */,
				8B17BC3B1971396400F8B6A9 /* tab-setting-off.png */,
				8B17BC3C1971396400F8B6A9 /* tab-setting-off@2x.png */,
				8B17BC3D1971396400F8B6A9 /* tabbar-active.png */,
				8B17BC3E1971396400F8B6A9 /* tabbar-active@2x.png */,
				8B17BC3F1971396400F8B6A9 /* tabbar.png */,
				8B17BC401971396400F8B6A9 /* tabbar@2x.png */,
			);
			path = tabbar;
			sourceTree = "<group>";
		};
		8B17BC6F19713B2C00F8B6A9 /* res */ = {
			isa = PBXGroup;
			children = (
				8B17BC7019713B2C00F8B6A9 /* about_bg.png */,
				8B17BC7119713B2C00F8B6A9 /* about_bg@2x.png */,
				8B17BC7219713B2C00F8B6A9 /* add.png */,
				8B17BC7319713B2C00F8B6A9 /* background.png */,
				8B17BC7419713B2C00F8B6A9 /* background_iphone4s.png */,
				8B17BC7519713B2C00F8B6A9 /* book_item_bg.png */,
				8B17BC7619713B2C00F8B6A9 /* bookimage.png */,
				8B17BC7719713B2C00F8B6A9 /* converbackground.png */,
				8B17BC7819713B2C00F8B6A9 /* dot.png */,
				8B17BC7919713B2C00F8B6A9 /* dot_b.png */,
				8B17BC7A19713B2C00F8B6A9 /* dot_o.png */,
				8B17BC7B19713B2C00F8B6A9 /* dot_p.png */,
				8B17BC7C19713B2C00F8B6A9 /* icon_57.png */,
				8B17BC7D19713B2C00F8B6A9 /* item_bg_1.png */,
				8B17BC7E19713B2C00F8B6A9 /* item_bg_2.png */,
				8B17BC7F19713B2C00F8B6A9 /* item_bg_3.png */,
				8B17BC8019713B2C00F8B6A9 /* line.png */,
				8B17BC8119713B2C00F8B6A9 /* navigation_bar.png */,
				8B17BC8219713B2C00F8B6A9 /* order_button.png */,
				8B17BC8319713B2C00F8B6A9 /* refresh.png */,
				8B17BC8419713B2C00F8B6A9 /* return.png */,
				8B17BC8519713B2C00F8B6A9 /* search_bar.png */,
				8B17BC8619713B2C00F8B6A9 /* search_input.png */,
				8B17BC8719713B2C00F8B6A9 /* setting_bg.png */,
				8B17BC8819713B2C00F8B6A9 /* setting_bg_@2x.png */,
				8B17BC8919713B2C00F8B6A9 /* status_bar_iphone5、4s.png */,
				8B17BC8A19713B2C00F8B6A9 /* tabbar2.png */,
				8B17BC8B19713B2C00F8B6A9 /* tabbar_icon_1.png */,
				8B17BC8C19713B2C00F8B6A9 /* tabbar_icon_2.png */,
				8B17BC8D19713B2C00F8B6A9 /* tabbar_icon_3.png */,
				8B17BC8E19713B2C00F8B6A9 /* tabbar_icon_4.png */,
				8B17BC8F19713B2C00F8B6A9 /* text_input.png */,
			);
			path = res;
			sourceTree = "<group>";
		};
		F6A456161976678100EEF2C6 /* ArrayDataSource */ = {
			isa = PBXGroup;
			children = (
				F6A456171976678100EEF2C6 /* ArrayDataSource.h */,
				F6A456181976678100EEF2C6 /* ArrayDataSource.m */,
			);
			path = ArrayDataSource;
			sourceTree = "<group>";
		};
		F6A4561F19775FEE00EEF2C6 /* Cell */ = {
			isa = PBXGroup;
			children = (
				F6A456201977602D00EEF2C6 /* SLBookExchangeCell.h */,
				F6A456211977602D00EEF2C6 /* SLBookExchangeCell.m */,
			);
			name = Cell;
			sourceTree = "<group>";
		};
		F6A4563E1977A20700EEF2C6 /* MJRefresh */ = {
			isa = PBXGroup;
			children = (
				F6A4563F1977A20700EEF2C6 /* MJRefresh.bundle */,
				F6A456401977A20700EEF2C6 /* MJRefresh.h */,
				F6A456411977A20700EEF2C6 /* MJRefreshBaseView.h */,
				F6A456421977A20700EEF2C6 /* MJRefreshBaseView.m */,
				F6A456431977A20700EEF2C6 /* MJRefreshFooterView.h */,
				F6A456441977A20700EEF2C6 /* MJRefreshFooterView.m */,
				F6A456451977A20700EEF2C6 /* MJRefreshHeaderView.h */,
				F6A456461977A20700EEF2C6 /* MJRefreshHeaderView.m */,
			);
			path = MJRefresh;
			sourceTree = "<group>";
		};
/* End PBXGroup section */

/* Begin PBXNativeTarget section */
		2C1B312A196BC4F40076E2DF /* iLibrarians */ = {
			isa = PBXNativeTarget;
			buildConfigurationList = 2C1B3157196BC4F40076E2DF /* Build configuration list for PBXNativeTarget "iLibrarians" */;
			buildPhases = (
				2C1B3127196BC4F40076E2DF /* Sources */,
				2C1B3128196BC4F40076E2DF /* Frameworks */,
				2C1B3129196BC4F40076E2DF /* Resources */,
			);
			buildRules = (
			);
			dependencies = (
			);
			name = iLibrarians;
			productName = iLibrarians;
			productReference = 2C1B312B196BC4F40076E2DF /* iLibrarians.app */;
			productType = "com.apple.product-type.application";
		};
		2C1B3145196BC4F40076E2DF /* iLibrariansTests */ = {
			isa = PBXNativeTarget;
			buildConfigurationList = 2C1B315A196BC4F40076E2DF /* Build configuration list for PBXNativeTarget "iLibrariansTests" */;
			buildPhases = (
				2C1B3142196BC4F40076E2DF /* Sources */,
				2C1B3143196BC4F40076E2DF /* Frameworks */,
				2C1B3144196BC4F40076E2DF /* Resources */,
			);
			buildRules = (
			);
			dependencies = (
				2C1B314C196BC4F40076E2DF /* PBXTargetDependency */,
			);
			name = iLibrariansTests;
			productName = iLibrariansTests;
			productReference = 2C1B3146196BC4F40076E2DF /* iLibrariansTests.xctest */;
			productType = "com.apple.product-type.bundle.unit-test";
		};
/* End PBXNativeTarget section */

/* Begin PBXProject section */
		2C1B3123196BC4F40076E2DF /* Project object */ = {
			isa = PBXProject;
			attributes = {
				CLASSPREFIX = SL;
				LastUpgradeCheck = 0510;
				ORGANIZATIONNAME = "Apple Club";
				TargetAttributes = {
					2C1B3145196BC4F40076E2DF = {
						TestTargetID = 2C1B312A196BC4F40076E2DF;
					};
				};
			};
			buildConfigurationList = 2C1B3126196BC4F40076E2DF /* Build configuration list for PBXProject "iLibrarians" */;
			compatibilityVersion = "Xcode 3.2";
			developmentRegion = English;
			hasScannedForEncodings = 0;
			knownRegions = (
				en,
			);
			mainGroup = 2C1B3122196BC4F40076E2DF;
			productRefGroup = 2C1B312C196BC4F40076E2DF /* Products */;
			projectDirPath = "";
			projectRoot = "";
			targets = (
				2C1B312A196BC4F40076E2DF /* iLibrarians */,
				2C1B3145196BC4F40076E2DF /* iLibrariansTests */,
			);
		};
/* End PBXProject section */

/* Begin PBXResourcesBuildPhase section */
		2C1B3129196BC4F40076E2DF /* Resources */ = {
			isa = PBXResourcesBuildPhase;
			buildActionMask = 2147483647;
			files = (
				8B17BC531971396400F8B6A9 /* userImage.png in Resources */,
				8B17BC601971396400F8B6A9 /* search_unselected.png in Resources */,
				2C1B3139196BC4F40076E2DF /* InfoPlist.strings in Resources */,
				8B17BC9B19713B2C00F8B6A9 /* dot_p.png in Resources */,
				8B17BC491971396400F8B6A9 /* tabbar_bookcircle@2x.png in Resources */,
				8B17BC661971396400F8B6A9 /* tab-mylib-off@2x.png in Resources */,
				8B17BC6C1971396400F8B6A9 /* tabbar-active@2x.png in Resources */,
				2C1B3141196BC4F40076E2DF /* Images.xcassets in Resources */,
				8B17BC9C19713B2C00F8B6A9 /* icon_57.png in Resources */,
				8B17BC411971396400F8B6A9 /* icon_114@2x.png in Resources */,
				8B17BC561971396400F8B6A9 /* more_selected.png in Resources */,
				8B17BC571971396400F8B6A9 /* more_selected@2x.png in Resources */,
				8B17BC4E1971396400F8B6A9 /* tabbar_mylib@2x.png in Resources */,
				8B17BC9319713B2C00F8B6A9 /* background.png in Resources */,
				8B17BC431971396400F8B6A9 /* add.png in Resources */,
				8B17BC541971396400F8B6A9 /* logoutbutton.png in Resources */,
				8B17BCAD19713B2C00F8B6A9 /* tabbar_icon_3.png in Resources */,
				8B17BC641971396400F8B6A9 /* tab-comment-off@2x.png in Resources */,
				8B17BCA019713B2C00F8B6A9 /* line.png in Resources */,
				8B17BCA119713B2C00F8B6A9 /* navigation_bar.png in Resources */,
				8B17BC581971396400F8B6A9 /* more_unselected.png in Resources */,
				8B17BC461971396400F8B6A9 /* renew_button.png in Resources */,
				8B17BCAB19713B2C00F8B6A9 /* tabbar_icon_1.png in Resources */,
				8B17BC421971396400F8B6A9 /* icon_57.png in Resources */,
				8B17BCA319713B2C00F8B6A9 /* refresh.png in Resources */,
				8B17BC591971396400F8B6A9 /* more_unselected@2x.png in Resources */,
				8B17BCAA19713B2C00F8B6A9 /* tabbar2.png in Resources */,
				8B17BCAF19713B2C00F8B6A9 /* text_input.png in Resources */,
				F6A456471977A20700EEF2C6 /* MJRefresh.bundle in Resources */,
				8B17BC481971396400F8B6A9 /* tabbar_bookcircle.png in Resources */,
				8B17BC4F1971396400F8B6A9 /* tabbar_personcenter.png in Resources */,
				8B17BC9419713B2C00F8B6A9 /* background_iphone4s.png in Resources */,
				8B17BC6A1971396400F8B6A9 /* tab-setting-off@2x.png in Resources */,
				8B17BC9919713B2C00F8B6A9 /* dot_b.png in Resources */,
				8B17BC451971396400F8B6A9 /* refresh.png in Resources */,
				8B17BC9A19713B2C00F8B6A9 /* dot_o.png in Resources */,
				8B17BC611971396400F8B6A9 /* search_unselected@2x.png in Resources */,
				8B17BC9819713B2C00F8B6A9 /* dot.png in Resources */,
				8B17BC9D19713B2C00F8B6A9 /* item_bg_1.png in Resources */,
				8B17BC671971396400F8B6A9 /* tab-search-off.png in Resources */,
				8B17BC9519713B2C00F8B6A9 /* book_item_bg.png in Resources */,
				8B17BC5B1971396400F8B6A9 /* mylib_selected@2x.png in Resources */,
				8B17BC6D1971396400F8B6A9 /* tabbar.png in Resources */,
				8B17BCA519713B2C00F8B6A9 /* search_bar.png in Resources */,
				8B17BC441971396400F8B6A9 /* coverbackground.png in Resources */,
				8B17BCAE19713B2C00F8B6A9 /* tabbar_icon_4.png in Resources */,
				8B17BCA419713B2C00F8B6A9 /* return.png in Resources */,
				8B17BC9119713B2C00F8B6A9 /* about_bg@2x.png in Resources */,
				8B17BCA819713B2C00F8B6A9 /* setting_bg_@2x.png in Resources */,
				8B17BC621971396400F8B6A9 /* tab-bookCircle.png in Resources */,
				8B17BC9019713B2C00F8B6A9 /* about_bg.png in Resources */,
				8B17BC551971396400F8B6A9 /* logoutbutton@2x.png in Resources */,
				8B17BCA719713B2C00F8B6A9 /* setting_bg.png in Resources */,
				8B17BC9E19713B2C00F8B6A9 /* item_bg_2.png in Resources */,
				8B17BC5C1971396400F8B6A9 /* mylib_unselected.png in Resources */,
				8B17BC9719713B2C00F8B6A9 /* converbackground.png in Resources */,
				8B17BC4B1971396400F8B6A9 /* tabbar_bookfloat@2x.png in Resources */,
				8B17BC521971396400F8B6A9 /* tabbar_search@2x.png in Resources */,
				8B17BC5F1971396400F8B6A9 /* search_selected@2x.png in Resources */,
				8B17BC9619713B2C00F8B6A9 /* bookimage.png in Resources */,
				8B17BC6B1971396400F8B6A9 /* tabbar-active.png in Resources */,
				8B17BCA219713B2C00F8B6A9 /* order_button.png in Resources */,
				8B17BC511971396400F8B6A9 /* tabbar_search.png in Resources */,
				8B17BC501971396400F8B6A9 /* tabbar_personcenter@2x.png in Resources */,
				8B17BC691971396400F8B6A9 /* tab-setting-off.png in Resources */,
				8B17BC5E1971396400F8B6A9 /* search_selected.png in Resources */,
				8B17BCA919713B2C00F8B6A9 /* status_bar_iphone5、4s.png in Resources */,
				8B17BC4D1971396400F8B6A9 /* tabbar_mylib.png in Resources */,
				8B17BC0B19712EC600F8B6A9 /* SLLogInViewController.xib in Resources */,
				8B17BC9F19713B2C00F8B6A9 /* item_bg_3.png in Resources */,
				8B17BC5A1971396400F8B6A9 /* mylib_selected.png in Resources */,
				8B17BC5D1971396400F8B6A9 /* mylib_unselected@2x.png in Resources */,
				8B17BC471971396400F8B6A9 /* return.png in Resources */,
				8B17BCA619713B2C00F8B6A9 /* search_input.png in Resources */,
				8B17BC4C1971396400F8B6A9 /* tabbar_icon_1.1.png in Resources */,
				8B17BC651971396400F8B6A9 /* tab-mylib-off.png in Resources */,
				8B17BC4A1971396400F8B6A9 /* tabbar_bookfloat.png in Resources */,
				8B17BC681971396400F8B6A9 /* tab-search-off@2x.png in Resources */,
				8B17BC6E1971396400F8B6A9 /* tabbar@2x.png in Resources */,
				8B17BC631971396400F8B6A9 /* tab-comment-off.png in Resources */,
				8B17BC9219713B2C00F8B6A9 /* add.png in Resources */,
				8B17BCAC19713B2C00F8B6A9 /* tabbar_icon_2.png in Resources */,
			);
			runOnlyForDeploymentPostprocessing = 0;
		};
		2C1B3144196BC4F40076E2DF /* Resources */ = {
			isa = PBXResourcesBuildPhase;
			buildActionMask = 2147483647;
			files = (
				2C1B3152196BC4F40076E2DF /* InfoPlist.strings in Resources */,
			);
			runOnlyForDeploymentPostprocessing = 0;
		};
/* End PBXResourcesBuildPhase section */

/* Begin PBXSourcesBuildPhase section */
		2C1B3127196BC4F40076E2DF /* Sources */ = {
			isa = PBXSourcesBuildPhase;
			buildActionMask = 2147483647;
			files = (
				2C1B313B196BC4F40076E2DF /* main.m in Sources */,
				18DC1BF81971209A008EEC5C /* iLIBFloatBookItem.m in Sources */,
				18DC1BE419711F2D008EEC5C /* NSDictionary+RequestEncoding.m in Sources */,
				F6A456191976678100EEF2C6 /* ArrayDataSource.m in Sources */,
				18DC1BE319711F2D008EEC5C /* NSDate+RFC1123.m in Sources */,
				18DC1BE719711F2D008EEC5C /* UIImage+EllipseImage.m in Sources */,
				F6A456481977A20700EEF2C6 /* MJRefreshBaseView.m in Sources */,
				18DC1BE519711F2D008EEC5C /* NSString+MKNetworkKitAdditions.m in Sources */,
				F6A456491977A20700EEF2C6 /* MJRefreshFooterView.m in Sources */,
				18DC1BFB19712297008EEC5C /* iLIBEngine.m in Sources */,
				18DC1BEA19711F2D008EEC5C /* MKNetworkOperation.m in Sources */,
				2CD4F03D1971054D0077A967 /* SLMainViewController.m in Sources */,
				8B17BC0E1971370F00F8B6A9 /* MBProgressHUD.m in Sources */,
				2CB91CC0196C036F00BD961C /* SLLogInViewController.m in Sources */,
				18DC1BF51971209A008EEC5C /* iLIBBookCircleItem.m in Sources */,
				A9C5E580197574880096EBBF /* SLSearchResultViewController.m in Sources */,
				F6A4564A1977A20700EEF2C6 /* MJRefreshHeaderView.m in Sources */,
				2CD4F03A197105400077A967 /* SLMyInfoViewController.m in Sources */,
				F6A456221977602D00EEF2C6 /* SLBookExchangeCell.m in Sources */,
				18DC1BF71971209A008EEC5C /* iLIBComment.m in Sources */,
				18DC1BEB19711F2D008EEC5C /* Reachability.m in Sources */,
				18DC1BE919711F2D008EEC5C /* MKNetworkEngine.m in Sources */,
				2CD4F034197104F10077A967 /* SLMyLibraryViewController.m in Sources */,
				A9C5E583197575600096EBBF /* SLBookDetailViewController.m in Sources */,
				2CD4F04319710E230077A967 /* SLSearchBookViewController.m in Sources */,
				18DC1BE119711F2D008EEC5C /* NSAlert+MKNetworkKitAdditions.m in Sources */,
				F6A4560819765BEF00EEF2C6 /* SLBookExchangeView.m in Sources */,
				18DC1BE619711F2D008EEC5C /* UIAlertView+MKNetworkKitAdditions.m in Sources */,
				2CB91CC6196C04C600BD961C /* SLPersistencyAPI.m in Sources */,
				18DC1BE819711F2D008EEC5C /* UIImageView+MKNetworkKitAdditions.m in Sources */,
				2C1B313F196BC4F40076E2DF /* SLAppDelegate.m in Sources */,
				2CD4F0371971050B0077A967 /* SLBooksExchangeViewController.m in Sources */,
				18DC1BF61971209A008EEC5C /* iLIBBookItem.m in Sources */,
				18DC1BE219711F2D008EEC5C /* NSData+MKBase64.m in Sources */,
				2CEF08871971802A002DDEDC /* SLPublishViewController.m in Sources */,
			);
			runOnlyForDeploymentPostprocessing = 0;
		};
		2C1B3142196BC4F40076E2DF /* Sources */ = {
			isa = PBXSourcesBuildPhase;
			buildActionMask = 2147483647;
			files = (
				2C1B3154196BC4F40076E2DF /* iLibrariansTests.m in Sources */,
			);
			runOnlyForDeploymentPostprocessing = 0;
		};
/* End PBXSourcesBuildPhase section */

/* Begin PBXTargetDependency section */
		2C1B314C196BC4F40076E2DF /* PBXTargetDependency */ = {
			isa = PBXTargetDependency;
			target = 2C1B312A196BC4F40076E2DF /* iLibrarians */;
			targetProxy = 2C1B314B196BC4F40076E2DF /* PBXContainerItemProxy */;
		};
/* End PBXTargetDependency section */

/* Begin PBXVariantGroup section */
		2C1B3137196BC4F40076E2DF /* InfoPlist.strings */ = {
			isa = PBXVariantGroup;
			children = (
				2C1B3138196BC4F40076E2DF /* en */,
			);
			name = InfoPlist.strings;
			sourceTree = "<group>";
		};
		2C1B3150196BC4F40076E2DF /* InfoPlist.strings */ = {
			isa = PBXVariantGroup;
			children = (
				2C1B3151196BC4F40076E2DF /* en */,
			);
			name = InfoPlist.strings;
			sourceTree = "<group>";
		};
/* End PBXVariantGroup section */

/* Begin XCBuildConfiguration section */
		2C1B3155196BC4F40076E2DF /* Debug */ = {
			isa = XCBuildConfiguration;
			buildSettings = {
				ALWAYS_SEARCH_USER_PATHS = NO;
				CLANG_CXX_LANGUAGE_STANDARD = "gnu++0x";
				CLANG_CXX_LIBRARY = "libc++";
				CLANG_ENABLE_MODULES = YES;
				CLANG_ENABLE_OBJC_ARC = YES;
				CLANG_WARN_BOOL_CONVERSION = YES;
				CLANG_WARN_CONSTANT_CONVERSION = YES;
				CLANG_WARN_DIRECT_OBJC_ISA_USAGE = YES_ERROR;
				CLANG_WARN_EMPTY_BODY = YES;
				CLANG_WARN_ENUM_CONVERSION = YES;
				CLANG_WARN_INT_CONVERSION = YES;
				CLANG_WARN_OBJC_ROOT_CLASS = YES_ERROR;
				CLANG_WARN__DUPLICATE_METHOD_MATCH = YES;
				"CODE_SIGN_IDENTITY[sdk=iphoneos*]" = "iPhone Developer";
				COPY_PHASE_STRIP = NO;
				GCC_C_LANGUAGE_STANDARD = gnu99;
				GCC_DYNAMIC_NO_PIC = NO;
				GCC_OPTIMIZATION_LEVEL = 0;
				GCC_PREPROCESSOR_DEFINITIONS = (
					"DEBUG=1",
					"$(inherited)",
				);
				GCC_SYMBOLS_PRIVATE_EXTERN = NO;
				GCC_WARN_64_TO_32_BIT_CONVERSION = YES;
				GCC_WARN_ABOUT_RETURN_TYPE = YES_ERROR;
				GCC_WARN_UNDECLARED_SELECTOR = YES;
				GCC_WARN_UNINITIALIZED_AUTOS = YES_AGGRESSIVE;
				GCC_WARN_UNUSED_FUNCTION = YES;
				GCC_WARN_UNUSED_VARIABLE = YES;
				IPHONEOS_DEPLOYMENT_TARGET = 7.1;
				ONLY_ACTIVE_ARCH = YES;
				SDKROOT = iphoneos;
			};
			name = Debug;
		};
		2C1B3156196BC4F40076E2DF /* Release */ = {
			isa = XCBuildConfiguration;
			buildSettings = {
				ALWAYS_SEARCH_USER_PATHS = NO;
				CLANG_CXX_LANGUAGE_STANDARD = "gnu++0x";
				CLANG_CXX_LIBRARY = "libc++";
				CLANG_ENABLE_MODULES = YES;
				CLANG_ENABLE_OBJC_ARC = YES;
				CLANG_WARN_BOOL_CONVERSION = YES;
				CLANG_WARN_CONSTANT_CONVERSION = YES;
				CLANG_WARN_DIRECT_OBJC_ISA_USAGE = YES_ERROR;
				CLANG_WARN_EMPTY_BODY = YES;
				CLANG_WARN_ENUM_CONVERSION = YES;
				CLANG_WARN_INT_CONVERSION = YES;
				CLANG_WARN_OBJC_ROOT_CLASS = YES_ERROR;
				CLANG_WARN__DUPLICATE_METHOD_MATCH = YES;
				"CODE_SIGN_IDENTITY[sdk=iphoneos*]" = "iPhone Developer";
				COPY_PHASE_STRIP = YES;
				ENABLE_NS_ASSERTIONS = NO;
				GCC_C_LANGUAGE_STANDARD = gnu99;
				GCC_WARN_64_TO_32_BIT_CONVERSION = YES;
				GCC_WARN_ABOUT_RETURN_TYPE = YES_ERROR;
				GCC_WARN_UNDECLARED_SELECTOR = YES;
				GCC_WARN_UNINITIALIZED_AUTOS = YES_AGGRESSIVE;
				GCC_WARN_UNUSED_FUNCTION = YES;
				GCC_WARN_UNUSED_VARIABLE = YES;
				IPHONEOS_DEPLOYMENT_TARGET = 7.1;
				SDKROOT = iphoneos;
				VALIDATE_PRODUCT = YES;
			};
			name = Release;
		};
		2C1B3158196BC4F40076E2DF /* Debug */ = {
			isa = XCBuildConfiguration;
			buildSettings = {
				ASSETCATALOG_COMPILER_APPICON_NAME = AppIcon;
				ASSETCATALOG_COMPILER_LAUNCHIMAGE_NAME = LaunchImage;
				GCC_PRECOMPILE_PREFIX_HEADER = YES;
				GCC_PREFIX_HEADER = "iLibrarians/iLibrarians-Prefix.pch";
				INFOPLIST_FILE = "iLibrarians/iLibrarians-Info.plist";
				IPHONEOS_DEPLOYMENT_TARGET = 7.0;
				PRODUCT_NAME = "$(TARGET_NAME)";
				WRAPPER_EXTENSION = app;
			};
			name = Debug;
		};
		2C1B3159196BC4F40076E2DF /* Release */ = {
			isa = XCBuildConfiguration;
			buildSettings = {
				ASSETCATALOG_COMPILER_APPICON_NAME = AppIcon;
				ASSETCATALOG_COMPILER_LAUNCHIMAGE_NAME = LaunchImage;
				GCC_PRECOMPILE_PREFIX_HEADER = YES;
				GCC_PREFIX_HEADER = "iLibrarians/iLibrarians-Prefix.pch";
				INFOPLIST_FILE = "iLibrarians/iLibrarians-Info.plist";
				IPHONEOS_DEPLOYMENT_TARGET = 7.0;
				PRODUCT_NAME = "$(TARGET_NAME)";
				WRAPPER_EXTENSION = app;
			};
			name = Release;
		};
		2C1B315B196BC4F40076E2DF /* Debug */ = {
			isa = XCBuildConfiguration;
			buildSettings = {
				BUNDLE_LOADER = "$(BUILT_PRODUCTS_DIR)/iLibrarians.app/iLibrarians";
				FRAMEWORK_SEARCH_PATHS = (
					"$(SDKROOT)/Developer/Library/Frameworks",
					"$(inherited)",
					"$(DEVELOPER_FRAMEWORKS_DIR)",
				);
				GCC_PRECOMPILE_PREFIX_HEADER = YES;
				GCC_PREFIX_HEADER = "iLibrarians/iLibrarians-Prefix.pch";
				GCC_PREPROCESSOR_DEFINITIONS = (
					"DEBUG=1",
					"$(inherited)",
				);
				INFOPLIST_FILE = "iLibrariansTests/iLibrariansTests-Info.plist";
				PRODUCT_NAME = "$(TARGET_NAME)";
				TEST_HOST = "$(BUNDLE_LOADER)";
				WRAPPER_EXTENSION = xctest;
			};
			name = Debug;
		};
		2C1B315C196BC4F40076E2DF /* Release */ = {
			isa = XCBuildConfiguration;
			buildSettings = {
				BUNDLE_LOADER = "$(BUILT_PRODUCTS_DIR)/iLibrarians.app/iLibrarians";
				FRAMEWORK_SEARCH_PATHS = (
					"$(SDKROOT)/Developer/Library/Frameworks",
					"$(inherited)",
					"$(DEVELOPER_FRAMEWORKS_DIR)",
				);
				GCC_PRECOMPILE_PREFIX_HEADER = YES;
				GCC_PREFIX_HEADER = "iLibrarians/iLibrarians-Prefix.pch";
				INFOPLIST_FILE = "iLibrariansTests/iLibrariansTests-Info.plist";
				PRODUCT_NAME = "$(TARGET_NAME)";
				TEST_HOST = "$(BUNDLE_LOADER)";
				WRAPPER_EXTENSION = xctest;
			};
			name = Release;
		};
/* End XCBuildConfiguration section */

/* Begin XCConfigurationList section */
		2C1B3126196BC4F40076E2DF /* Build configuration list for PBXProject "iLibrarians" */ = {
			isa = XCConfigurationList;
			buildConfigurations = (
				2C1B3155196BC4F40076E2DF /* Debug */,
				2C1B3156196BC4F40076E2DF /* Release */,
			);
			defaultConfigurationIsVisible = 0;
			defaultConfigurationName = Release;
		};
		2C1B3157196BC4F40076E2DF /* Build configuration list for PBXNativeTarget "iLibrarians" */ = {
			isa = XCConfigurationList;
			buildConfigurations = (
				2C1B3158196BC4F40076E2DF /* Debug */,
				2C1B3159196BC4F40076E2DF /* Release */,
			);
			defaultConfigurationIsVisible = 0;
			defaultConfigurationName = Release;
		};
		2C1B315A196BC4F40076E2DF /* Build configuration list for PBXNativeTarget "iLibrariansTests" */ = {
			isa = XCConfigurationList;
			buildConfigurations = (
				2C1B315B196BC4F40076E2DF /* Debug */,
				2C1B315C196BC4F40076E2DF /* Release */,
			);
			defaultConfigurationIsVisible = 0;
			defaultConfigurationName = Release;
		};
/* End XCConfigurationList section */
	};
	rootObject = 2C1B3123196BC4F40076E2DF /* Project object */;
}
